// !$*UTF8*$!
{
	archiveVersion = 1;
	classes = {
	};
	objectVersion = 50;
	objects = {

/* Begin PBXBuildFile section */
		94012F59244303B90029AF5E /* q1046.swift in Sources */ = {isa = PBXBuildFile; fileRef = 94012F58244303B90029AF5E /* q1046.swift */; };
		94026E4D2444552800130D7C /* q0525.swift in Sources */ = {isa = PBXBuildFile; fileRef = 94026E4C2444552800130D7C /* q0525.swift */; };
		9409533D2466B3860088FE88 /* q0367.swift in Sources */ = {isa = PBXBuildFile; fileRef = 9409533C2466B3860088FE88 /* q0367.swift */; };
		940B494E241BD0D800319C4B /* q0085.swift in Sources */ = {isa = PBXBuildFile; fileRef = 940B494D241BD0D800319C4B /* q0085.swift */; };
		940CB496241A957D0020C344 /* q0089.swift in Sources */ = {isa = PBXBuildFile; fileRef = 940CB495241A957D0020C344 /* q0089.swift */; };
		940CB498241AA25E0020C344 /* q0090.swift in Sources */ = {isa = PBXBuildFile; fileRef = 940CB497241AA25E0020C344 /* q0090.swift */; };
		9413C47B241A424C004073D8 /* q0084.swift in Sources */ = {isa = PBXBuildFile; fileRef = 9413C47A241A424C004073D8 /* q0084.swift */; };
		941A0C252458437600FFE205 /* day28.swift in Sources */ = {isa = PBXBuildFile; fileRef = 941A0C242458437600FFE205 /* day28.swift */; };
		941C6863244EDA2D0045503C /* day21.swift in Sources */ = {isa = PBXBuildFile; fileRef = 941C6862244EDA2D0045503C /* day21.swift */; };
		941C68652450FD240045503C /* q0560.swift in Sources */ = {isa = PBXBuildFile; fileRef = 941C68642450FD240045503C /* q0560.swift */; };
		941C6867245187690045503C /* q0201.swift in Sources */ = {isa = PBXBuildFile; fileRef = 941C6866245187690045503C /* q0201.swift */; };
		9429F71D241EC924002A565F /* q0102.swift in Sources */ = {isa = PBXBuildFile; fileRef = 9429F71C241EC924002A565F /* q0102.swift */; };
		9429F71F241ECB13002A565F /* q0103.swift in Sources */ = {isa = PBXBuildFile; fileRef = 9429F71E241ECB13002A565F /* q0103.swift */; };
		9429F723241ED61D002A565F /* q0113.swift in Sources */ = {isa = PBXBuildFile; fileRef = 9429F722241ED61D002A565F /* q0113.swift */; };
		9429F725241ED9F0002A565F /* q0114.swift in Sources */ = {isa = PBXBuildFile; fileRef = 9429F724241ED9F0002A565F /* q0114.swift */; };
		9429F727241EDD92002A565F /* q0115.swift in Sources */ = {isa = PBXBuildFile; fileRef = 9429F726241EDD92002A565F /* q0115.swift */; };
		942C6E4F243F1023002D86B1 /* q0844.swift in Sources */ = {isa = PBXBuildFile; fileRef = 942C6E4E243F1023002D86B1 /* q0844.swift */; };
		94329008240F5E7300EFB3D4 /* q0062.swift in Sources */ = {isa = PBXBuildFile; fileRef = 94329007240F5E7300EFB3D4 /* q0062.swift */; };
		9432900A240F5FCA00EFB3D4 /* q0063.swift in Sources */ = {isa = PBXBuildFile; fileRef = 94329009240F5FCA00EFB3D4 /* q0063.swift */; };
		9432900E240FADC900EFB3D4 /* q0064.swift in Sources */ = {isa = PBXBuildFile; fileRef = 9432900D240FADC900EFB3D4 /* q0064.swift */; };
		94329010240FB30800EFB3D4 /* q0065.swift in Sources */ = {isa = PBXBuildFile; fileRef = 9432900F240FB30800EFB3D4 /* q0065.swift */; };
		94329012240FBD1900EFB3D4 /* q0068.swift in Sources */ = {isa = PBXBuildFile; fileRef = 94329011240FBD1900EFB3D4 /* q0068.swift */; };
		94329014240FD4AA00EFB3D4 /* q0070.swift in Sources */ = {isa = PBXBuildFile; fileRef = 94329013240FD4AA00EFB3D4 /* q0070.swift */; };
		94329016240FD81B00EFB3D4 /* q0071.swift in Sources */ = {isa = PBXBuildFile; fileRef = 94329015240FD81B00EFB3D4 /* q0071.swift */; };
		943290182410A1F900EFB3D4 /* q0073.swift in Sources */ = {isa = PBXBuildFile; fileRef = 943290172410A1F900EFB3D4 /* q0073.swift */; };
		9432901A2410C85100EFB3D4 /* q0072.swift in Sources */ = {isa = PBXBuildFile; fileRef = 943290192410C85100EFB3D4 /* q0072.swift */; };
		9432F84B245C04A7002867C9 /* q0278.swift in Sources */ = {isa = PBXBuildFile; fileRef = 9432F84A245C04A7002867C9 /* q0278.swift */; };
		9443C669244D97DD0092A65B /* q1008.swift in Sources */ = {isa = PBXBuildFile; fileRef = 9443C668244D97DD0092A65B /* q1008.swift */; };
		9443C66B244DA1B00092A65B /* q0120.swift in Sources */ = {isa = PBXBuildFile; fileRef = 9443C66A244DA1B00092A65B /* q0120.swift */; };
		94459067241ABD1800818EEE /* q0091.swift in Sources */ = {isa = PBXBuildFile; fileRef = 94459066241ABD1800818EEE /* q0091.swift */; };
		9445906B241AD0CF00818EEE /* q0092.swift in Sources */ = {isa = PBXBuildFile; fileRef = 9445906A241AD0CF00818EEE /* q0092.swift */; };
		9445906D241AD9B200818EEE /* q0093.swift in Sources */ = {isa = PBXBuildFile; fileRef = 9445906C241AD9B200818EEE /* q0093.swift */; };
		9445906F241AEB2100818EEE /* q0094.swift in Sources */ = {isa = PBXBuildFile; fileRef = 9445906E241AEB2100818EEE /* q0094.swift */; };
		94459071241B536C00818EEE /* q0098.swift in Sources */ = {isa = PBXBuildFile; fileRef = 94459070241B536C00818EEE /* q0098.swift */; };
		94517B492417CD6800889D6C /* q0082.swift in Sources */ = {isa = PBXBuildFile; fileRef = 94517B482417CD6800889D6C /* q0082.swift */; };
		945657B224470064001F3FCB /* q0238.swift in Sources */ = {isa = PBXBuildFile; fileRef = 945657B124470064001F3FCB /* q0238.swift */; };
		9456D7B7243873D80087364C /* q0283.swift in Sources */ = {isa = PBXBuildFile; fileRef = 9456D7B6243873D80087364C /* q0283.swift */; };
		946636AF240AABF200A46021 /* q0001.swift in Sources */ = {isa = PBXBuildFile; fileRef = 946636AE240AABF200A46021 /* q0001.swift */; };
		946636B1240AAFE000A46021 /* q0049.swift in Sources */ = {isa = PBXBuildFile; fileRef = 946636B0240AAFE000A46021 /* q0049.swift */; };
		946636B3240CD02300A46021 /* q0051.swift in Sources */ = {isa = PBXBuildFile; fileRef = 946636B2240CD02300A46021 /* q0051.swift */; };
		946636B5240CD04A00A46021 /* q0050.swift in Sources */ = {isa = PBXBuildFile; fileRef = 946636B4240CD04A00A46021 /* q0050.swift */; };
		946B8D7A2441B33300405D2A /* q0543.swift in Sources */ = {isa = PBXBuildFile; fileRef = 946B8D792441B33300405D2A /* q0543.swift */; };
		946B8D7C2441BBB600405D2A /* q0109.swift in Sources */ = {isa = PBXBuildFile; fileRef = 946B8D7B2441BBB500405D2A /* q0109.swift */; };
		946B8D7E244202CB00405D2A /* q0116.swift in Sources */ = {isa = PBXBuildFile; fileRef = 946B8D7D244202CB00405D2A /* q0116.swift */; };
		946B8D802442050400405D2A /* q0117.swift in Sources */ = {isa = PBXBuildFile; fileRef = 946B8D7F2442050400405D2A /* q0117.swift */; };
		946D743524572C5C00166403 /* q0221.swift in Sources */ = {isa = PBXBuildFile; fileRef = 946D743424572C5C00166403 /* q0221.swift */; };
		9471641A23F3F62400163DE8 /* main.swift in Sources */ = {isa = PBXBuildFile; fileRef = 9471641923F3F62400163DE8 /* main.swift */; };
		9471643123F4149400163DE8 /* q0040.swift in Sources */ = {isa = PBXBuildFile; fileRef = 9471642F23F4149400163DE8 /* q0040.swift */; };
		9471643223F4149400163DE8 /* q0039.swift in Sources */ = {isa = PBXBuildFile; fileRef = 9471643023F4149400163DE8 /* q0039.swift */; };
		9471643423F55E3E00163DE8 /* q0107.swift in Sources */ = {isa = PBXBuildFile; fileRef = 9471643323F55E3E00163DE8 /* q0107.swift */; };
		9471643623F55E6700163DE8 /* common.swift in Sources */ = {isa = PBXBuildFile; fileRef = 9471643523F55E6700163DE8 /* common.swift */; };
		9471643823F5687300163DE8 /* q0678.swift in Sources */ = {isa = PBXBuildFile; fileRef = 9471643723F5687300163DE8 /* q0678.swift */; };
		9473FE05243DC3DA00FDAD89 /* q0876.swift in Sources */ = {isa = PBXBuildFile; fileRef = 9473FE04243DC3DA00FDAD89 /* q0876.swift */; };
		947AAFBF24598E610068A3AE /* q0124.swift in Sources */ = {isa = PBXBuildFile; fileRef = 947AAFBE24598E610068A3AE /* q0124.swift */; };
		947AAFC6245ABC2E0068A3AE /* day30.swift in Sources */ = {isa = PBXBuildFile; fileRef = 947AAFC5245ABC2E0068A3AE /* day30.swift */; };
		9481D08D2460583200C9A784 /* q0476.swift in Sources */ = {isa = PBXBuildFile; fileRef = 9481D08C2460583200C9A784 /* q0476.swift */; };
		9481D08F2461489100C9A784 /* q0387.swift in Sources */ = {isa = PBXBuildFile; fileRef = 9481D08E2461489100C9A784 /* q0387.swift */; };
		9481D091246379EB00C9A784 /* q0169.swift in Sources */ = {isa = PBXBuildFile; fileRef = 9481D090246379EB00C9A784 /* q0169.swift */; };
		9481D0942464038E00C9A784 /* q0993.swift in Sources */ = {isa = PBXBuildFile; fileRef = 9481D0932464038E00C9A784 /* q0993.swift */; };
		948B9763241CE8340027D96E /* q0095.swift in Sources */ = {isa = PBXBuildFile; fileRef = 948B9762241CE8330027D96E /* q0095.swift */; };
		948B9765241CEF350027D96E /* q0096.swift in Sources */ = {isa = PBXBuildFile; fileRef = 948B9764241CEF350027D96E /* q0096.swift */; };
		948B9767241CFB580027D96E /* q0097.swift in Sources */ = {isa = PBXBuildFile; fileRef = 948B9766241CFB580027D96E /* q0097.swift */; };
		948B9769241D09A50027D96E /* q0099.swift in Sources */ = {isa = PBXBuildFile; fileRef = 948B9768241D09A50027D96E /* q0099.swift */; };
		948B976B241D57640027D96E /* q0087.swift in Sources */ = {isa = PBXBuildFile; fileRef = 948B976A241D57640027D96E /* q0087.swift */; };
		9490A05D23FAB3990037F06D /* q0047.swift in Sources */ = {isa = PBXBuildFile; fileRef = 9490A05C23FAB3990037F06D /* q0047.swift */; };
		9490A05F23FAB9A60037F06D /* q0048.swift in Sources */ = {isa = PBXBuildFile; fileRef = 9490A05E23FAB9A60037F06D /* q0048.swift */; };
		9490A06123FAC95C0037F06D /* q0437.swift in Sources */ = {isa = PBXBuildFile; fileRef = 9490A06023FAC95C0037F06D /* q0437.swift */; };
		9490A06923FBB86C0037F06D /* q0119.swift in Sources */ = {isa = PBXBuildFile; fileRef = 9490A06823FBB86C0037F06D /* q0119.swift */; };
		9493E3A924499BA7001832C5 /* q0200.swift in Sources */ = {isa = PBXBuildFile; fileRef = 9493E3A824499BA7001832C5 /* q0200.swift */; };
		94986160245EA40100B62FCE /* q0383.swift in Sources */ = {isa = PBXBuildFile; fileRef = 9498615F245EA40100B62FCE /* q0383.swift */; };
		94A7B1E523FBC4A8009D0242 /* q0204.swift in Sources */ = {isa = PBXBuildFile; fileRef = 94A7B1E423FBC4A8009D0242 /* q0204.swift */; };
		94AD1D70241759EE0076BF04 /* q0033.swift in Sources */ = {isa = PBXBuildFile; fileRef = 94AD1D6F241759EE0076BF04 /* q0033.swift */; };
		94AD1D7224177AC50076BF04 /* q0081.swift in Sources */ = {isa = PBXBuildFile; fileRef = 94AD1D7124177AC50076BF04 /* q0081.swift */; };
		94C17ADD2455C4CD003A9340 /* q1143.swift in Sources */ = {isa = PBXBuildFile; fileRef = 94C17ADC2455C4CD003A9340 /* q1143.swift */; };
		94C6CC77240D2AE700D7A0EF /* q0052.swift in Sources */ = {isa = PBXBuildFile; fileRef = 94C6CC76240D2AE700D7A0EF /* q0052.swift */; };
		94C6CC79240D2D0400D7A0EF /* q0053.swift in Sources */ = {isa = PBXBuildFile; fileRef = 94C6CC78240D2D0400D7A0EF /* q0053.swift */; };
		94C6CC7B240D2F8A00D7A0EF /* q0055.swift in Sources */ = {isa = PBXBuildFile; fileRef = 94C6CC7A240D2F8A00D7A0EF /* q0055.swift */; };
		94C6CC7D240D361400D7A0EF /* q0056.swift in Sources */ = {isa = PBXBuildFile; fileRef = 94C6CC7C240D361400D7A0EF /* q0056.swift */; };
		94C6CC7F240D3BB700D7A0EF /* q0057.swift in Sources */ = {isa = PBXBuildFile; fileRef = 94C6CC7E240D3BB700D7A0EF /* q0057.swift */; };
		94C6CC81240D4F6500D7A0EF /* q0060.swift in Sources */ = {isa = PBXBuildFile; fileRef = 94C6CC80240D4F6500D7A0EF /* q0060.swift */; };
		94C6CC83240D500B00D7A0EF /* q0059.swift in Sources */ = {isa = PBXBuildFile; fileRef = 94C6CC82240D500B00D7A0EF /* q0059.swift */; };
		94C6CC87240E4CED00D7A0EF /* q0045.swift in Sources */ = {isa = PBXBuildFile; fileRef = 94C6CC86240E4CED00D7A0EF /* q0045.swift */; };
		94D683642445F6510097F202 /* day7.swift in Sources */ = {isa = PBXBuildFile; fileRef = 94D683632445F6510097F202 /* day7.swift */; };
		94D683662445F6610097F202 /* day14.swift in Sources */ = {isa = PBXBuildFile; fileRef = 94D683652445F6610097F202 /* day14.swift */; };
		94DCB6E62453155A007B39C1 /* q0146.swift in Sources */ = {isa = PBXBuildFile; fileRef = 94DCB6E52453155A007B39C1 /* q0146.swift */; };
		94E1DF162440041E00B87814 /* q0105.swift in Sources */ = {isa = PBXBuildFile; fileRef = 94E1DF152440041E00B87814 /* q0105.swift */; };
		94E1DF182440253200B87814 /* q0106.swift in Sources */ = {isa = PBXBuildFile; fileRef = 94E1DF172440253200B87814 /* q0106.swift */; };
		94E1DF1A2440603500B87814 /* q0155.swift in Sources */ = {isa = PBXBuildFile; fileRef = 94E1DF192440603500B87814 /* q0155.swift */; };
		94E512202465735000E95E8D /* q1232.swift in Sources */ = {isa = PBXBuildFile; fileRef = 94E5121F2465735000E95E8D /* q1232.swift */; };
		94E83F0A24169969000B2369 /* q0074.swift in Sources */ = {isa = PBXBuildFile; fileRef = 94E83F0924169969000B2369 /* q0074.swift */; };
		94E83F0C2416A511000B2369 /* wip_problem.swift in Sources */ = {isa = PBXBuildFile; fileRef = 94E83F0B2416A511000B2369 /* wip_problem.swift */; };
		94E83F0E2416A64D000B2369 /* q0077.swift in Sources */ = {isa = PBXBuildFile; fileRef = 94E83F0D2416A64D000B2369 /* q0077.swift */; };
		94E83F122416AEDC000B2369 /* q0078.swift in Sources */ = {isa = PBXBuildFile; fileRef = 94E83F112416AEDC000B2369 /* q0078.swift */; };
		94E83F142416B2E2000B2369 /* q0079.swift in Sources */ = {isa = PBXBuildFile; fileRef = 94E83F132416B2E2000B2369 /* q0079.swift */; };
		94F80EA22406196700464D77 /* q0416.swift in Sources */ = {isa = PBXBuildFile; fileRef = 94F80EA12406196700464D77 /* q0416.swift */; };
		94F80EA62407DDC400464D77 /* q0054.swift in Sources */ = {isa = PBXBuildFile; fileRef = 94F80EA52407DDC400464D77 /* q0054.swift */; };
		94F80EAA2407F4DA00464D77 /* q0771.swift in Sources */ = {isa = PBXBuildFile; fileRef = 94F80EA92407F4DA00464D77 /* q0771.swift */; };
/* End PBXBuildFile section */

/* Begin PBXCopyFilesBuildPhase section */
		9471641423F3F62400163DE8 /* CopyFiles */ = {
			isa = PBXCopyFilesBuildPhase;
			buildActionMask = 2147483647;
			dstPath = /usr/share/man/man1/;
			dstSubfolderSpec = 0;
			files = (
			);
			runOnlyForDeploymentPostprocessing = 1;
		};
/* End PBXCopyFilesBuildPhase section */

/* Begin PBXFileReference section */
		94012F58244303B90029AF5E /* q1046.swift */ = {isa = PBXFileReference; lastKnownFileType = sourcecode.swift; path = q1046.swift; sourceTree = "<group>"; };
		94026E4C2444552800130D7C /* q0525.swift */ = {isa = PBXFileReference; lastKnownFileType = sourcecode.swift; path = q0525.swift; sourceTree = "<group>"; };
		9409533C2466B3860088FE88 /* q0367.swift */ = {isa = PBXFileReference; lastKnownFileType = sourcecode.swift; path = q0367.swift; sourceTree = "<group>"; };
		940B494D241BD0D800319C4B /* q0085.swift */ = {isa = PBXFileReference; lastKnownFileType = sourcecode.swift; path = q0085.swift; sourceTree = "<group>"; };
		940CB495241A957D0020C344 /* q0089.swift */ = {isa = PBXFileReference; lastKnownFileType = sourcecode.swift; path = q0089.swift; sourceTree = "<group>"; };
		940CB497241AA25E0020C344 /* q0090.swift */ = {isa = PBXFileReference; lastKnownFileType = sourcecode.swift; path = q0090.swift; sourceTree = "<group>"; };
		9413C47A241A424C004073D8 /* q0084.swift */ = {isa = PBXFileReference; lastKnownFileType = sourcecode.swift; path = q0084.swift; sourceTree = "<group>"; };
		941A0C242458437600FFE205 /* day28.swift */ = {isa = PBXFileReference; lastKnownFileType = sourcecode.swift; path = day28.swift; sourceTree = "<group>"; };
		941C6862244EDA2D0045503C /* day21.swift */ = {isa = PBXFileReference; lastKnownFileType = sourcecode.swift; path = day21.swift; sourceTree = "<group>"; };
		941C68642450FD240045503C /* q0560.swift */ = {isa = PBXFileReference; lastKnownFileType = sourcecode.swift; path = q0560.swift; sourceTree = "<group>"; };
		941C6866245187690045503C /* q0201.swift */ = {isa = PBXFileReference; lastKnownFileType = sourcecode.swift; path = q0201.swift; sourceTree = "<group>"; };
		9429F71C241EC924002A565F /* q0102.swift */ = {isa = PBXFileReference; lastKnownFileType = sourcecode.swift; path = q0102.swift; sourceTree = "<group>"; };
		9429F71E241ECB13002A565F /* q0103.swift */ = {isa = PBXFileReference; lastKnownFileType = sourcecode.swift; path = q0103.swift; sourceTree = "<group>"; };
		9429F722241ED61D002A565F /* q0113.swift */ = {isa = PBXFileReference; lastKnownFileType = sourcecode.swift; path = q0113.swift; sourceTree = "<group>"; };
		9429F724241ED9F0002A565F /* q0114.swift */ = {isa = PBXFileReference; lastKnownFileType = sourcecode.swift; path = q0114.swift; sourceTree = "<group>"; };
		9429F726241EDD92002A565F /* q0115.swift */ = {isa = PBXFileReference; lastKnownFileType = sourcecode.swift; path = q0115.swift; sourceTree = "<group>"; };
		942C6E4E243F1023002D86B1 /* q0844.swift */ = {isa = PBXFileReference; lastKnownFileType = sourcecode.swift; path = q0844.swift; sourceTree = "<group>"; };
		94329007240F5E7300EFB3D4 /* q0062.swift */ = {isa = PBXFileReference; lastKnownFileType = sourcecode.swift; path = q0062.swift; sourceTree = "<group>"; };
		94329009240F5FCA00EFB3D4 /* q0063.swift */ = {isa = PBXFileReference; lastKnownFileType = sourcecode.swift; path = q0063.swift; sourceTree = "<group>"; };
		9432900D240FADC900EFB3D4 /* q0064.swift */ = {isa = PBXFileReference; lastKnownFileType = sourcecode.swift; path = q0064.swift; sourceTree = "<group>"; };
		9432900F240FB30800EFB3D4 /* q0065.swift */ = {isa = PBXFileReference; lastKnownFileType = sourcecode.swift; path = q0065.swift; sourceTree = "<group>"; };
		94329011240FBD1900EFB3D4 /* q0068.swift */ = {isa = PBXFileReference; lastKnownFileType = sourcecode.swift; path = q0068.swift; sourceTree = "<group>"; };
		94329013240FD4AA00EFB3D4 /* q0070.swift */ = {isa = PBXFileReference; lastKnownFileType = sourcecode.swift; path = q0070.swift; sourceTree = "<group>"; };
		94329015240FD81B00EFB3D4 /* q0071.swift */ = {isa = PBXFileReference; lastKnownFileType = sourcecode.swift; path = q0071.swift; sourceTree = "<group>"; };
		943290172410A1F900EFB3D4 /* q0073.swift */ = {isa = PBXFileReference; lastKnownFileType = sourcecode.swift; path = q0073.swift; sourceTree = "<group>"; };
		943290192410C85100EFB3D4 /* q0072.swift */ = {isa = PBXFileReference; lastKnownFileType = sourcecode.swift; path = q0072.swift; sourceTree = "<group>"; };
		9432F84A245C04A7002867C9 /* q0278.swift */ = {isa = PBXFileReference; lastKnownFileType = sourcecode.swift; path = q0278.swift; sourceTree = "<group>"; };
		9443C668244D97DD0092A65B /* q1008.swift */ = {isa = PBXFileReference; lastKnownFileType = sourcecode.swift; path = q1008.swift; sourceTree = "<group>"; };
		9443C66A244DA1B00092A65B /* q0120.swift */ = {isa = PBXFileReference; lastKnownFileType = sourcecode.swift; path = q0120.swift; sourceTree = "<group>"; };
		94459066241ABD1800818EEE /* q0091.swift */ = {isa = PBXFileReference; lastKnownFileType = sourcecode.swift; path = q0091.swift; sourceTree = "<group>"; };
		9445906A241AD0CF00818EEE /* q0092.swift */ = {isa = PBXFileReference; lastKnownFileType = sourcecode.swift; path = q0092.swift; sourceTree = "<group>"; };
		9445906C241AD9B200818EEE /* q0093.swift */ = {isa = PBXFileReference; lastKnownFileType = sourcecode.swift; path = q0093.swift; sourceTree = "<group>"; };
		9445906E241AEB2100818EEE /* q0094.swift */ = {isa = PBXFileReference; lastKnownFileType = sourcecode.swift; path = q0094.swift; sourceTree = "<group>"; };
		94459070241B536C00818EEE /* q0098.swift */ = {isa = PBXFileReference; lastKnownFileType = sourcecode.swift; path = q0098.swift; sourceTree = "<group>"; };
		94517B482417CD6800889D6C /* q0082.swift */ = {isa = PBXFileReference; lastKnownFileType = sourcecode.swift; path = q0082.swift; sourceTree = "<group>"; };
		945657B124470064001F3FCB /* q0238.swift */ = {isa = PBXFileReference; lastKnownFileType = sourcecode.swift; path = q0238.swift; sourceTree = "<group>"; };
		9456D7B6243873D80087364C /* q0283.swift */ = {isa = PBXFileReference; lastKnownFileType = sourcecode.swift; path = q0283.swift; sourceTree = "<group>"; };
		946636AE240AABF200A46021 /* q0001.swift */ = {isa = PBXFileReference; lastKnownFileType = sourcecode.swift; path = q0001.swift; sourceTree = "<group>"; };
		946636B0240AAFE000A46021 /* q0049.swift */ = {isa = PBXFileReference; lastKnownFileType = sourcecode.swift; path = q0049.swift; sourceTree = "<group>"; };
		946636B2240CD02300A46021 /* q0051.swift */ = {isa = PBXFileReference; lastKnownFileType = sourcecode.swift; path = q0051.swift; sourceTree = "<group>"; };
		946636B4240CD04A00A46021 /* q0050.swift */ = {isa = PBXFileReference; lastKnownFileType = sourcecode.swift; path = q0050.swift; sourceTree = "<group>"; };
		946B8D792441B33300405D2A /* q0543.swift */ = {isa = PBXFileReference; lastKnownFileType = sourcecode.swift; path = q0543.swift; sourceTree = "<group>"; };
		946B8D7B2441BBB500405D2A /* q0109.swift */ = {isa = PBXFileReference; lastKnownFileType = sourcecode.swift; path = q0109.swift; sourceTree = "<group>"; };
		946B8D7D244202CB00405D2A /* q0116.swift */ = {isa = PBXFileReference; lastKnownFileType = sourcecode.swift; path = q0116.swift; sourceTree = "<group>"; };
		946B8D7F2442050400405D2A /* q0117.swift */ = {isa = PBXFileReference; lastKnownFileType = sourcecode.swift; path = q0117.swift; sourceTree = "<group>"; };
		946D743424572C5C00166403 /* q0221.swift */ = {isa = PBXFileReference; lastKnownFileType = sourcecode.swift; path = q0221.swift; sourceTree = "<group>"; };
		9471641623F3F62400163DE8 /* LeetcodeSwift */ = {isa = PBXFileReference; explicitFileType = "compiled.mach-o.executable"; includeInIndex = 0; path = LeetcodeSwift; sourceTree = BUILT_PRODUCTS_DIR; };
		9471641923F3F62400163DE8 /* main.swift */ = {isa = PBXFileReference; lastKnownFileType = sourcecode.swift; path = main.swift; sourceTree = "<group>"; };
		9471642F23F4149400163DE8 /* q0040.swift */ = {isa = PBXFileReference; fileEncoding = 4; lastKnownFileType = sourcecode.swift; path = q0040.swift; sourceTree = "<group>"; };
		9471643023F4149400163DE8 /* q0039.swift */ = {isa = PBXFileReference; fileEncoding = 4; lastKnownFileType = sourcecode.swift; path = q0039.swift; sourceTree = "<group>"; };
		9471643323F55E3E00163DE8 /* q0107.swift */ = {isa = PBXFileReference; lastKnownFileType = sourcecode.swift; path = q0107.swift; sourceTree = "<group>"; };
		9471643523F55E6700163DE8 /* common.swift */ = {isa = PBXFileReference; lastKnownFileType = sourcecode.swift; path = common.swift; sourceTree = "<group>"; };
		9471643723F5687300163DE8 /* q0678.swift */ = {isa = PBXFileReference; lastKnownFileType = sourcecode.swift; path = q0678.swift; sourceTree = "<group>"; };
		9473FE04243DC3DA00FDAD89 /* q0876.swift */ = {isa = PBXFileReference; lastKnownFileType = sourcecode.swift; path = q0876.swift; sourceTree = "<group>"; };
		947AAFBE24598E610068A3AE /* q0124.swift */ = {isa = PBXFileReference; lastKnownFileType = sourcecode.swift; path = q0124.swift; sourceTree = "<group>"; };
		947AAFC5245ABC2E0068A3AE /* day30.swift */ = {isa = PBXFileReference; lastKnownFileType = sourcecode.swift; path = day30.swift; sourceTree = "<group>"; };
		9481D08C2460583200C9A784 /* q0476.swift */ = {isa = PBXFileReference; lastKnownFileType = sourcecode.swift; path = q0476.swift; sourceTree = "<group>"; };
		9481D08E2461489100C9A784 /* q0387.swift */ = {isa = PBXFileReference; lastKnownFileType = sourcecode.swift; path = q0387.swift; sourceTree = "<group>"; };
		9481D090246379EB00C9A784 /* q0169.swift */ = {isa = PBXFileReference; lastKnownFileType = sourcecode.swift; path = q0169.swift; sourceTree = "<group>"; };
		9481D0932464038E00C9A784 /* q0993.swift */ = {isa = PBXFileReference; lastKnownFileType = sourcecode.swift; path = q0993.swift; sourceTree = "<group>"; };
		948B9762241CE8330027D96E /* q0095.swift */ = {isa = PBXFileReference; lastKnownFileType = sourcecode.swift; path = q0095.swift; sourceTree = "<group>"; };
		948B9764241CEF350027D96E /* q0096.swift */ = {isa = PBXFileReference; lastKnownFileType = sourcecode.swift; path = q0096.swift; sourceTree = "<group>"; };
		948B9766241CFB580027D96E /* q0097.swift */ = {isa = PBXFileReference; lastKnownFileType = sourcecode.swift; path = q0097.swift; sourceTree = "<group>"; };
		948B9768241D09A50027D96E /* q0099.swift */ = {isa = PBXFileReference; lastKnownFileType = sourcecode.swift; path = q0099.swift; sourceTree = "<group>"; };
		948B976A241D57640027D96E /* q0087.swift */ = {isa = PBXFileReference; lastKnownFileType = sourcecode.swift; path = q0087.swift; sourceTree = "<group>"; };
		9490A05C23FAB3990037F06D /* q0047.swift */ = {isa = PBXFileReference; lastKnownFileType = sourcecode.swift; path = q0047.swift; sourceTree = "<group>"; };
		9490A05E23FAB9A60037F06D /* q0048.swift */ = {isa = PBXFileReference; lastKnownFileType = sourcecode.swift; path = q0048.swift; sourceTree = "<group>"; };
		9490A06023FAC95C0037F06D /* q0437.swift */ = {isa = PBXFileReference; lastKnownFileType = sourcecode.swift; path = q0437.swift; sourceTree = "<group>"; };
		9490A06823FBB86C0037F06D /* q0119.swift */ = {isa = PBXFileReference; lastKnownFileType = sourcecode.swift; path = q0119.swift; sourceTree = "<group>"; };
		9493E3A824499BA7001832C5 /* q0200.swift */ = {isa = PBXFileReference; lastKnownFileType = sourcecode.swift; path = q0200.swift; sourceTree = "<group>"; };
		9498615F245EA40100B62FCE /* q0383.swift */ = {isa = PBXFileReference; lastKnownFileType = sourcecode.swift; path = q0383.swift; sourceTree = "<group>"; };
		94A7B1E423FBC4A8009D0242 /* q0204.swift */ = {isa = PBXFileReference; lastKnownFileType = sourcecode.swift; path = q0204.swift; sourceTree = "<group>"; };
		94AD1D6F241759EE0076BF04 /* q0033.swift */ = {isa = PBXFileReference; lastKnownFileType = sourcecode.swift; path = q0033.swift; sourceTree = "<group>"; };
		94AD1D7124177AC50076BF04 /* q0081.swift */ = {isa = PBXFileReference; lastKnownFileType = sourcecode.swift; path = q0081.swift; sourceTree = "<group>"; };
		94C17ADC2455C4CD003A9340 /* q1143.swift */ = {isa = PBXFileReference; lastKnownFileType = sourcecode.swift; path = q1143.swift; sourceTree = "<group>"; };
		94C6CC76240D2AE700D7A0EF /* q0052.swift */ = {isa = PBXFileReference; lastKnownFileType = sourcecode.swift; path = q0052.swift; sourceTree = "<group>"; };
		94C6CC78240D2D0400D7A0EF /* q0053.swift */ = {isa = PBXFileReference; lastKnownFileType = sourcecode.swift; path = q0053.swift; sourceTree = "<group>"; };
		94C6CC7A240D2F8A00D7A0EF /* q0055.swift */ = {isa = PBXFileReference; lastKnownFileType = sourcecode.swift; path = q0055.swift; sourceTree = "<group>"; };
		94C6CC7C240D361400D7A0EF /* q0056.swift */ = {isa = PBXFileReference; lastKnownFileType = sourcecode.swift; path = q0056.swift; sourceTree = "<group>"; };
		94C6CC7E240D3BB700D7A0EF /* q0057.swift */ = {isa = PBXFileReference; lastKnownFileType = sourcecode.swift; path = q0057.swift; sourceTree = "<group>"; };
		94C6CC80240D4F6500D7A0EF /* q0060.swift */ = {isa = PBXFileReference; lastKnownFileType = sourcecode.swift; path = q0060.swift; sourceTree = "<group>"; };
		94C6CC82240D500B00D7A0EF /* q0059.swift */ = {isa = PBXFileReference; lastKnownFileType = sourcecode.swift; path = q0059.swift; sourceTree = "<group>"; };
		94C6CC86240E4CED00D7A0EF /* q0045.swift */ = {isa = PBXFileReference; lastKnownFileType = sourcecode.swift; path = q0045.swift; sourceTree = "<group>"; };
		94D683632445F6510097F202 /* day7.swift */ = {isa = PBXFileReference; lastKnownFileType = sourcecode.swift; path = day7.swift; sourceTree = "<group>"; };
		94D683652445F6610097F202 /* day14.swift */ = {isa = PBXFileReference; lastKnownFileType = sourcecode.swift; path = day14.swift; sourceTree = "<group>"; };
		94DCB6E52453155A007B39C1 /* q0146.swift */ = {isa = PBXFileReference; lastKnownFileType = sourcecode.swift; path = q0146.swift; sourceTree = "<group>"; };
		94E1DF152440041E00B87814 /* q0105.swift */ = {isa = PBXFileReference; lastKnownFileType = sourcecode.swift; path = q0105.swift; sourceTree = "<group>"; };
		94E1DF172440253200B87814 /* q0106.swift */ = {isa = PBXFileReference; lastKnownFileType = sourcecode.swift; path = q0106.swift; sourceTree = "<group>"; };
		94E1DF192440603500B87814 /* q0155.swift */ = {isa = PBXFileReference; lastKnownFileType = sourcecode.swift; path = q0155.swift; sourceTree = "<group>"; };
		94E5121F2465735000E95E8D /* q1232.swift */ = {isa = PBXFileReference; lastKnownFileType = sourcecode.swift; path = q1232.swift; sourceTree = "<group>"; };
		94E83F0924169969000B2369 /* q0074.swift */ = {isa = PBXFileReference; lastKnownFileType = sourcecode.swift; path = q0074.swift; sourceTree = "<group>"; };
		94E83F0B2416A511000B2369 /* wip_problem.swift */ = {isa = PBXFileReference; lastKnownFileType = sourcecode.swift; path = wip_problem.swift; sourceTree = "<group>"; };
		94E83F0D2416A64D000B2369 /* q0077.swift */ = {isa = PBXFileReference; lastKnownFileType = sourcecode.swift; path = q0077.swift; sourceTree = "<group>"; };
		94E83F112416AEDC000B2369 /* q0078.swift */ = {isa = PBXFileReference; lastKnownFileType = sourcecode.swift; path = q0078.swift; sourceTree = "<group>"; };
		94E83F132416B2E2000B2369 /* q0079.swift */ = {isa = PBXFileReference; lastKnownFileType = sourcecode.swift; path = q0079.swift; sourceTree = "<group>"; };
		94F80EA12406196700464D77 /* q0416.swift */ = {isa = PBXFileReference; lastKnownFileType = sourcecode.swift; path = q0416.swift; sourceTree = "<group>"; };
		94F80EA52407DDC400464D77 /* q0054.swift */ = {isa = PBXFileReference; lastKnownFileType = sourcecode.swift; path = q0054.swift; sourceTree = "<group>"; };
		94F80EA92407F4DA00464D77 /* q0771.swift */ = {isa = PBXFileReference; lastKnownFileType = sourcecode.swift; path = q0771.swift; sourceTree = "<group>"; };
/* End PBXFileReference section */

/* Begin PBXFrameworksBuildPhase section */
		9471641323F3F62400163DE8 /* Frameworks */ = {
			isa = PBXFrameworksBuildPhase;
			buildActionMask = 2147483647;
			files = (
			);
			runOnlyForDeploymentPostprocessing = 0;
		};
/* End PBXFrameworksBuildPhase section */

/* Begin PBXGroup section */
		9471640D23F3F62400163DE8 = {
			isa = PBXGroup;
			children = (
				9471641823F3F62400163DE8 /* LeetcodeSwift */,
				9471641723F3F62400163DE8 /* Products */,
			);
			sourceTree = "<group>";
		};
		9471641723F3F62400163DE8 /* Products */ = {
			isa = PBXGroup;
			children = (
				9471641623F3F62400163DE8 /* LeetcodeSwift */,
			);
			name = Products;
			sourceTree = "<group>";
		};
		9471641823F3F62400163DE8 /* LeetcodeSwift */ = {
			isa = PBXGroup;
			children = (
				9471642E23F4149400163DE8 /* algorithms */,
				9471641923F3F62400163DE8 /* main.swift */,
			);
			path = LeetcodeSwift;
			sourceTree = "<group>";
		};
		9471642E23F4149400163DE8 /* algorithms */ = {
			isa = PBXGroup;
			children = (
				94D683602445F6410097F202 /* dailyChallenge */,
				9471643523F55E6700163DE8 /* common.swift */,
				94E83F0B2416A511000B2369 /* wip_problem.swift */,
				946636AE240AABF200A46021 /* q0001.swift */,
				94AD1D6F241759EE0076BF04 /* q0033.swift */,
				9471643023F4149400163DE8 /* q0039.swift */,
				9471642F23F4149400163DE8 /* q0040.swift */,
				94C6CC86240E4CED00D7A0EF /* q0045.swift */,
				9490A05C23FAB3990037F06D /* q0047.swift */,
				9490A05E23FAB9A60037F06D /* q0048.swift */,
				946636B0240AAFE000A46021 /* q0049.swift */,
				946636B4240CD04A00A46021 /* q0050.swift */,
				946636B2240CD02300A46021 /* q0051.swift */,
				94C6CC76240D2AE700D7A0EF /* q0052.swift */,
				94C6CC78240D2D0400D7A0EF /* q0053.swift */,
				94F80EA52407DDC400464D77 /* q0054.swift */,
				94C6CC7A240D2F8A00D7A0EF /* q0055.swift */,
				94C6CC7C240D361400D7A0EF /* q0056.swift */,
				94C6CC7E240D3BB700D7A0EF /* q0057.swift */,
				94C6CC82240D500B00D7A0EF /* q0059.swift */,
				94C6CC80240D4F6500D7A0EF /* q0060.swift */,
				94329007240F5E7300EFB3D4 /* q0062.swift */,
				94329009240F5FCA00EFB3D4 /* q0063.swift */,
				9432900D240FADC900EFB3D4 /* q0064.swift */,
				9432900F240FB30800EFB3D4 /* q0065.swift */,
				94329011240FBD1900EFB3D4 /* q0068.swift */,
				94329013240FD4AA00EFB3D4 /* q0070.swift */,
				94329015240FD81B00EFB3D4 /* q0071.swift */,
				943290192410C85100EFB3D4 /* q0072.swift */,
				943290172410A1F900EFB3D4 /* q0073.swift */,
				94E83F0924169969000B2369 /* q0074.swift */,
				94E83F0D2416A64D000B2369 /* q0077.swift */,
				94E83F112416AEDC000B2369 /* q0078.swift */,
				94E83F132416B2E2000B2369 /* q0079.swift */,
				94AD1D7124177AC50076BF04 /* q0081.swift */,
				94517B482417CD6800889D6C /* q0082.swift */,
				9413C47A241A424C004073D8 /* q0084.swift */,
				940B494D241BD0D800319C4B /* q0085.swift */,
				948B976A241D57640027D96E /* q0087.swift */,
				940CB495241A957D0020C344 /* q0089.swift */,
				940CB497241AA25E0020C344 /* q0090.swift */,
				94459066241ABD1800818EEE /* q0091.swift */,
				9445906A241AD0CF00818EEE /* q0092.swift */,
				9445906C241AD9B200818EEE /* q0093.swift */,
				9445906E241AEB2100818EEE /* q0094.swift */,
				948B9762241CE8330027D96E /* q0095.swift */,
				948B9764241CEF350027D96E /* q0096.swift */,
				948B9766241CFB580027D96E /* q0097.swift */,
				94459070241B536C00818EEE /* q0098.swift */,
				948B9768241D09A50027D96E /* q0099.swift */,
				9429F71C241EC924002A565F /* q0102.swift */,
				9429F71E241ECB13002A565F /* q0103.swift */,
				94E1DF152440041E00B87814 /* q0105.swift */,
				94E1DF172440253200B87814 /* q0106.swift */,
				9471643323F55E3E00163DE8 /* q0107.swift */,
				946B8D7B2441BBB500405D2A /* q0109.swift */,
				9429F722241ED61D002A565F /* q0113.swift */,
				9429F724241ED9F0002A565F /* q0114.swift */,
				9429F726241EDD92002A565F /* q0115.swift */,
				946B8D7D244202CB00405D2A /* q0116.swift */,
				946B8D7F2442050400405D2A /* q0117.swift */,
				9490A06823FBB86C0037F06D /* q0119.swift */,
				9443C66A244DA1B00092A65B /* q0120.swift */,
				947AAFBE24598E610068A3AE /* q0124.swift */,
				94DCB6E52453155A007B39C1 /* q0146.swift */,
				94E1DF192440603500B87814 /* q0155.swift */,
				9481D090246379EB00C9A784 /* q0169.swift */,
				9493E3A824499BA7001832C5 /* q0200.swift */,
				941C6866245187690045503C /* q0201.swift */,
				94A7B1E423FBC4A8009D0242 /* q0204.swift */,
				946D743424572C5C00166403 /* q0221.swift */,
				945657B124470064001F3FCB /* q0238.swift */,
				9432F84A245C04A7002867C9 /* q0278.swift */,
				9456D7B6243873D80087364C /* q0283.swift */,
				9409533C2466B3860088FE88 /* q0367.swift */,
				9498615F245EA40100B62FCE /* q0383.swift */,
				9481D08E2461489100C9A784 /* q0387.swift */,
				94F80EA12406196700464D77 /* q0416.swift */,
				9490A06023FAC95C0037F06D /* q0437.swift */,
				9481D08C2460583200C9A784 /* q0476.swift */,
				94026E4C2444552800130D7C /* q0525.swift */,
				946B8D792441B33300405D2A /* q0543.swift */,
				941C68642450FD240045503C /* q0560.swift */,
				9471643723F5687300163DE8 /* q0678.swift */,
				94F80EA92407F4DA00464D77 /* q0771.swift */,
				942C6E4E243F1023002D86B1 /* q0844.swift */,
				9473FE04243DC3DA00FDAD89 /* q0876.swift */,
				9481D0932464038E00C9A784 /* q0993.swift */,
				9443C668244D97DD0092A65B /* q1008.swift */,
				94012F58244303B90029AF5E /* q1046.swift */,
				94C17ADC2455C4CD003A9340 /* q1143.swift */,
				94E5121F2465735000E95E8D /* q1232.swift */,
			);
			path = algorithms;
			sourceTree = "<group>";
		};
		94D683602445F6410097F202 /* dailyChallenge */ = {
			isa = PBXGroup;
			children = (
				94D683632445F6510097F202 /* day7.swift */,
				94D683652445F6610097F202 /* day14.swift */,
				941C6862244EDA2D0045503C /* day21.swift */,
				941A0C242458437600FFE205 /* day28.swift */,
				947AAFC5245ABC2E0068A3AE /* day30.swift */,
			);
			path = dailyChallenge;
			sourceTree = "<group>";
		};
/* End PBXGroup section */

/* Begin PBXNativeTarget section */
		9471641523F3F62400163DE8 /* LeetcodeSwift */ = {
			isa = PBXNativeTarget;
			buildConfigurationList = 9471641D23F3F62400163DE8 /* Build configuration list for PBXNativeTarget "LeetcodeSwift" */;
			buildPhases = (
				9471641223F3F62400163DE8 /* Sources */,
				9471641323F3F62400163DE8 /* Frameworks */,
				9471641423F3F62400163DE8 /* CopyFiles */,
			);
			buildRules = (
			);
			dependencies = (
			);
			name = LeetcodeSwift;
			productName = LeetcodeSwift;
			productReference = 9471641623F3F62400163DE8 /* LeetcodeSwift */;
			productType = "com.apple.product-type.tool";
		};
/* End PBXNativeTarget section */

/* Begin PBXProject section */
		9471640E23F3F62400163DE8 /* Project object */ = {
			isa = PBXProject;
			attributes = {
				LastSwiftUpdateCheck = 1130;
				LastUpgradeCheck = 1130;
				ORGANIZATIONNAME = DL;
				TargetAttributes = {
					9471641523F3F62400163DE8 = {
						CreatedOnToolsVersion = 11.3.1;
					};
				};
			};
			buildConfigurationList = 9471641123F3F62400163DE8 /* Build configuration list for PBXProject "LeetcodeSwift" */;
			compatibilityVersion = "Xcode 9.3";
			developmentRegion = en;
			hasScannedForEncodings = 0;
			knownRegions = (
				en,
				Base,
			);
			mainGroup = 9471640D23F3F62400163DE8;
			productRefGroup = 9471641723F3F62400163DE8 /* Products */;
			projectDirPath = "";
			projectRoot = "";
			targets = (
				9471641523F3F62400163DE8 /* LeetcodeSwift */,
			);
		};
/* End PBXProject section */

/* Begin PBXSourcesBuildPhase section */
		9471641223F3F62400163DE8 /* Sources */ = {
			isa = PBXSourcesBuildPhase;
			buildActionMask = 2147483647;
			files = (
				9481D091246379EB00C9A784 /* q0169.swift in Sources */,
				94026E4D2444552800130D7C /* q0525.swift in Sources */,
				9429F723241ED61D002A565F /* q0113.swift in Sources */,
				946636B3240CD02300A46021 /* q0051.swift in Sources */,
				9490A06923FBB86C0037F06D /* q0119.swift in Sources */,
				9445906F241AEB2100818EEE /* q0094.swift in Sources */,
				946636B5240CD04A00A46021 /* q0050.swift in Sources */,
				941C68652450FD240045503C /* q0560.swift in Sources */,
				948B9765241CEF350027D96E /* q0096.swift in Sources */,
				94459071241B536C00818EEE /* q0098.swift in Sources */,
				94329008240F5E7300EFB3D4 /* q0062.swift in Sources */,
				94E1DF1A2440603500B87814 /* q0155.swift in Sources */,
				9490A06123FAC95C0037F06D /* q0437.swift in Sources */,
				94C6CC7D240D361400D7A0EF /* q0056.swift in Sources */,
				94C6CC81240D4F6500D7A0EF /* q0060.swift in Sources */,
				94517B492417CD6800889D6C /* q0082.swift in Sources */,
				9443C669244D97DD0092A65B /* q1008.swift in Sources */,
				94E83F142416B2E2000B2369 /* q0079.swift in Sources */,
				94012F59244303B90029AF5E /* q1046.swift in Sources */,
				9471643823F5687300163DE8 /* q0678.swift in Sources */,
				9432900A240F5FCA00EFB3D4 /* q0063.swift in Sources */,
				94A7B1E523FBC4A8009D0242 /* q0204.swift in Sources */,
				94C6CC83240D500B00D7A0EF /* q0059.swift in Sources */,
				945657B224470064001F3FCB /* q0238.swift in Sources */,
				946B8D7C2441BBB600405D2A /* q0109.swift in Sources */,
				9456D7B7243873D80087364C /* q0283.swift in Sources */,
				94329016240FD81B00EFB3D4 /* q0071.swift in Sources */,
				948B9769241D09A50027D96E /* q0099.swift in Sources */,
				941C6863244EDA2D0045503C /* day21.swift in Sources */,
				9443C66B244DA1B00092A65B /* q0120.swift in Sources */,
				946636B1240AAFE000A46021 /* q0049.swift in Sources */,
				947AAFBF24598E610068A3AE /* q0124.swift in Sources */,
				946B8D7E244202CB00405D2A /* q0116.swift in Sources */,
				9413C47B241A424C004073D8 /* q0084.swift in Sources */,
				9429F71D241EC924002A565F /* q0102.swift in Sources */,
				943290182410A1F900EFB3D4 /* q0073.swift in Sources */,
				947AAFC6245ABC2E0068A3AE /* day30.swift in Sources */,
				94C6CC79240D2D0400D7A0EF /* q0053.swift in Sources */,
				94AD1D7224177AC50076BF04 /* q0081.swift in Sources */,
				94E83F0C2416A511000B2369 /* wip_problem.swift in Sources */,
				9493E3A924499BA7001832C5 /* q0200.swift in Sources */,
				948B9763241CE8340027D96E /* q0095.swift in Sources */,
				9473FE05243DC3DA00FDAD89 /* q0876.swift in Sources */,
				94E83F122416AEDC000B2369 /* q0078.swift in Sources */,
				941A0C252458437600FFE205 /* day28.swift in Sources */,
				94C6CC7B240D2F8A00D7A0EF /* q0055.swift in Sources */,
				9445906D241AD9B200818EEE /* q0093.swift in Sources */,
				940CB496241A957D0020C344 /* q0089.swift in Sources */,
				94459067241ABD1800818EEE /* q0091.swift in Sources */,
				9481D08D2460583200C9A784 /* q0476.swift in Sources */,
				946B8D802442050400405D2A /* q0117.swift in Sources */,
				94E83F0A24169969000B2369 /* q0074.swift in Sources */,
				94329010240FB30800EFB3D4 /* q0065.swift in Sources */,
				9490A05D23FAB3990037F06D /* q0047.swift in Sources */,
				946636AF240AABF200A46021 /* q0001.swift in Sources */,
				9432F84B245C04A7002867C9 /* q0278.swift in Sources */,
				94DCB6E62453155A007B39C1 /* q0146.swift in Sources */,
				9409533D2466B3860088FE88 /* q0367.swift in Sources */,
				94E83F0E2416A64D000B2369 /* q0077.swift in Sources */,
				9481D08F2461489100C9A784 /* q0387.swift in Sources */,
				94329012240FBD1900EFB3D4 /* q0068.swift in Sources */,
				948B9767241CFB580027D96E /* q0097.swift in Sources */,
				9471641A23F3F62400163DE8 /* main.swift in Sources */,
				946B8D7A2441B33300405D2A /* q0543.swift in Sources */,
				94F80EA22406196700464D77 /* q0416.swift in Sources */,
				941C6867245187690045503C /* q0201.swift in Sources */,
				946D743524572C5C00166403 /* q0221.swift in Sources */,
				9429F725241ED9F0002A565F /* q0114.swift in Sources */,
				94986160245EA40100B62FCE /* q0383.swift in Sources */,
				9490A05F23FAB9A60037F06D /* q0048.swift in Sources */,
				948B976B241D57640027D96E /* q0087.swift in Sources */,
				94E512202465735000E95E8D /* q1232.swift in Sources */,
				94C6CC7F240D3BB700D7A0EF /* q0057.swift in Sources */,
				9445906B241AD0CF00818EEE /* q0092.swift in Sources */,
				94F80EA62407DDC400464D77 /* q0054.swift in Sources */,
				94E1DF182440253200B87814 /* q0106.swift in Sources */,
				9432901A2410C85100EFB3D4 /* q0072.swift in Sources */,
				9481D0942464038E00C9A784 /* q0993.swift in Sources */,
				94E1DF162440041E00B87814 /* q0105.swift in Sources */,
				940B494E241BD0D800319C4B /* q0085.swift in Sources */,
				94C17ADD2455C4CD003A9340 /* q1143.swift in Sources */,
				9429F71F241ECB13002A565F /* q0103.swift in Sources */,
				94AD1D70241759EE0076BF04 /* q0033.swift in Sources */,
				94C6CC77240D2AE700D7A0EF /* q0052.swift in Sources */,
				942C6E4F243F1023002D86B1 /* q0844.swift in Sources */,
				94C6CC87240E4CED00D7A0EF /* q0045.swift in Sources */,
				94D683662445F6610097F202 /* day14.swift in Sources */,
				9471643123F4149400163DE8 /* q0040.swift in Sources */,
				9471643223F4149400163DE8 /* q0039.swift in Sources */,
				9432900E240FADC900EFB3D4 /* q0064.swift in Sources */,
				9429F727241EDD92002A565F /* q0115.swift in Sources */,
				9471643423F55E3E00163DE8 /* q0107.swift in Sources */,
				940CB498241AA25E0020C344 /* q0090.swift in Sources */,
				94F80EAA2407F4DA00464D77 /* q0771.swift in Sources */,
				94329014240FD4AA00EFB3D4 /* q0070.swift in Sources */,
				94D683642445F6510097F202 /* day7.swift in Sources */,
				9471643623F55E6700163DE8 /* common.swift in Sources */,
			);
			runOnlyForDeploymentPostprocessing = 0;
		};
/* End PBXSourcesBuildPhase section */

/* Begin XCBuildConfiguration section */
		9471641B23F3F62400163DE8 /* Debug */ = {
			isa = XCBuildConfiguration;
			buildSettings = {
				ALWAYS_SEARCH_USER_PATHS = NO;
				CLANG_ANALYZER_NONNULL = YES;
				CLANG_ANALYZER_NUMBER_OBJECT_CONVERSION = YES_AGGRESSIVE;
				CLANG_CXX_LANGUAGE_STANDARD = "gnu++14";
				CLANG_CXX_LIBRARY = "libc++";
				CLANG_ENABLE_MODULES = YES;
				CLANG_ENABLE_OBJC_ARC = YES;
				CLANG_ENABLE_OBJC_WEAK = YES;
				CLANG_WARN_BLOCK_CAPTURE_AUTORELEASING = YES;
				CLANG_WARN_BOOL_CONVERSION = YES;
				CLANG_WARN_COMMA = YES;
				CLANG_WARN_CONSTANT_CONVERSION = YES;
				CLANG_WARN_DEPRECATED_OBJC_IMPLEMENTATIONS = YES;
				CLANG_WARN_DIRECT_OBJC_ISA_USAGE = YES_ERROR;
				CLANG_WARN_DOCUMENTATION_COMMENTS = YES;
				CLANG_WARN_EMPTY_BODY = YES;
				CLANG_WARN_ENUM_CONVERSION = YES;
				CLANG_WARN_INFINITE_RECURSION = YES;
				CLANG_WARN_INT_CONVERSION = YES;
				CLANG_WARN_NON_LITERAL_NULL_CONVERSION = YES;
				CLANG_WARN_OBJC_IMPLICIT_RETAIN_SELF = YES;
				CLANG_WARN_OBJC_LITERAL_CONVERSION = YES;
				CLANG_WARN_OBJC_ROOT_CLASS = YES_ERROR;
				CLANG_WARN_RANGE_LOOP_ANALYSIS = YES;
				CLANG_WARN_STRICT_PROTOTYPES = YES;
				CLANG_WARN_SUSPICIOUS_MOVE = YES;
				CLANG_WARN_UNGUARDED_AVAILABILITY = YES_AGGRESSIVE;
				CLANG_WARN_UNREACHABLE_CODE = YES;
				CLANG_WARN__DUPLICATE_METHOD_MATCH = YES;
				COPY_PHASE_STRIP = NO;
				DEBUG_INFORMATION_FORMAT = dwarf;
				ENABLE_STRICT_OBJC_MSGSEND = YES;
				ENABLE_TESTABILITY = YES;
				GCC_C_LANGUAGE_STANDARD = gnu11;
				GCC_DYNAMIC_NO_PIC = NO;
				GCC_NO_COMMON_BLOCKS = YES;
				GCC_OPTIMIZATION_LEVEL = 0;
				GCC_PREPROCESSOR_DEFINITIONS = (
					"DEBUG=1",
					"$(inherited)",
				);
				GCC_WARN_64_TO_32_BIT_CONVERSION = YES;
				GCC_WARN_ABOUT_RETURN_TYPE = YES_ERROR;
				GCC_WARN_UNDECLARED_SELECTOR = YES;
				GCC_WARN_UNINITIALIZED_AUTOS = YES_AGGRESSIVE;
				GCC_WARN_UNUSED_FUNCTION = YES;
				GCC_WARN_UNUSED_VARIABLE = YES;
				MACOSX_DEPLOYMENT_TARGET = 10.15;
				MTL_ENABLE_DEBUG_INFO = INCLUDE_SOURCE;
				MTL_FAST_MATH = YES;
				ONLY_ACTIVE_ARCH = YES;
				SDKROOT = macosx;
				SWIFT_ACTIVE_COMPILATION_CONDITIONS = DEBUG;
				SWIFT_OPTIMIZATION_LEVEL = "-Onone";
			};
			name = Debug;
		};
		9471641C23F3F62400163DE8 /* Release */ = {
			isa = XCBuildConfiguration;
			buildSettings = {
				ALWAYS_SEARCH_USER_PATHS = NO;
				CLANG_ANALYZER_NONNULL = YES;
				CLANG_ANALYZER_NUMBER_OBJECT_CONVERSION = YES_AGGRESSIVE;
				CLANG_CXX_LANGUAGE_STANDARD = "gnu++14";
				CLANG_CXX_LIBRARY = "libc++";
				CLANG_ENABLE_MODULES = YES;
				CLANG_ENABLE_OBJC_ARC = YES;
				CLANG_ENABLE_OBJC_WEAK = YES;
				CLANG_WARN_BLOCK_CAPTURE_AUTORELEASING = YES;
				CLANG_WARN_BOOL_CONVERSION = YES;
				CLANG_WARN_COMMA = YES;
				CLANG_WARN_CONSTANT_CONVERSION = YES;
				CLANG_WARN_DEPRECATED_OBJC_IMPLEMENTATIONS = YES;
				CLANG_WARN_DIRECT_OBJC_ISA_USAGE = YES_ERROR;
				CLANG_WARN_DOCUMENTATION_COMMENTS = YES;
				CLANG_WARN_EMPTY_BODY = YES;
				CLANG_WARN_ENUM_CONVERSION = YES;
				CLANG_WARN_INFINITE_RECURSION = YES;
				CLANG_WARN_INT_CONVERSION = YES;
				CLANG_WARN_NON_LITERAL_NULL_CONVERSION = YES;
				CLANG_WARN_OBJC_IMPLICIT_RETAIN_SELF = YES;
				CLANG_WARN_OBJC_LITERAL_CONVERSION = YES;
				CLANG_WARN_OBJC_ROOT_CLASS = YES_ERROR;
				CLANG_WARN_RANGE_LOOP_ANALYSIS = YES;
				CLANG_WARN_STRICT_PROTOTYPES = YES;
				CLANG_WARN_SUSPICIOUS_MOVE = YES;
				CLANG_WARN_UNGUARDED_AVAILABILITY = YES_AGGRESSIVE;
				CLANG_WARN_UNREACHABLE_CODE = YES;
				CLANG_WARN__DUPLICATE_METHOD_MATCH = YES;
				COPY_PHASE_STRIP = NO;
				DEBUG_INFORMATION_FORMAT = "dwarf-with-dsym";
				ENABLE_NS_ASSERTIONS = NO;
				ENABLE_STRICT_OBJC_MSGSEND = YES;
				GCC_C_LANGUAGE_STANDARD = gnu11;
				GCC_NO_COMMON_BLOCKS = YES;
				GCC_WARN_64_TO_32_BIT_CONVERSION = YES;
				GCC_WARN_ABOUT_RETURN_TYPE = YES_ERROR;
				GCC_WARN_UNDECLARED_SELECTOR = YES;
				GCC_WARN_UNINITIALIZED_AUTOS = YES_AGGRESSIVE;
				GCC_WARN_UNUSED_FUNCTION = YES;
				GCC_WARN_UNUSED_VARIABLE = YES;
				MACOSX_DEPLOYMENT_TARGET = 10.15;
				MTL_ENABLE_DEBUG_INFO = NO;
				MTL_FAST_MATH = YES;
				SDKROOT = macosx;
				SWIFT_COMPILATION_MODE = wholemodule;
				SWIFT_OPTIMIZATION_LEVEL = "-O";
			};
			name = Release;
		};
		9471641E23F3F62400163DE8 /* Debug */ = {
			isa = XCBuildConfiguration;
			buildSettings = {
				CODE_SIGN_STYLE = Automatic;
				PRODUCT_NAME = "$(TARGET_NAME)";
				SWIFT_VERSION = 5.0;
			};
			name = Debug;
		};
		9471641F23F3F62400163DE8 /* Release */ = {
			isa = XCBuildConfiguration;
			buildSettings = {
				CODE_SIGN_STYLE = Automatic;
				PRODUCT_NAME = "$(TARGET_NAME)";
				SWIFT_VERSION = 5.0;
			};
			name = Release;
		};
/* End XCBuildConfiguration section */

/* Begin XCConfigurationList section */
		9471641123F3F62400163DE8 /* Build configuration list for PBXProject "LeetcodeSwift" */ = {
			isa = XCConfigurationList;
			buildConfigurations = (
				9471641B23F3F62400163DE8 /* Debug */,
				9471641C23F3F62400163DE8 /* Release */,
			);
			defaultConfigurationIsVisible = 0;
			defaultConfigurationName = Release;
		};
		9471641D23F3F62400163DE8 /* Build configuration list for PBXNativeTarget "LeetcodeSwift" */ = {
			isa = XCConfigurationList;
			buildConfigurations = (
				9471641E23F3F62400163DE8 /* Debug */,
				9471641F23F3F62400163DE8 /* Release */,
			);
			defaultConfigurationIsVisible = 0;
			defaultConfigurationName = Release;
		};
/* End XCConfigurationList section */
	};
	rootObject = 9471640E23F3F62400163DE8 /* Project object */;
}
