// !$*UTF8*$!
{
	archiveVersion = 1;
	classes = {
	};
	objectVersion = 50;
	objects = {

/* Begin PBXBuildFile section */
		946636AF240AABF200A46021 /* q0001.swift in Sources */ = {isa = PBXBuildFile; fileRef = 946636AE240AABF200A46021 /* q0001.swift */; };
		946636B1240AAFE000A46021 /* q0049.swift in Sources */ = {isa = PBXBuildFile; fileRef = 946636B0240AAFE000A46021 /* q0049.swift */; };
		946636B3240CD02300A46021 /* q0051.swift in Sources */ = {isa = PBXBuildFile; fileRef = 946636B2240CD02300A46021 /* q0051.swift */; };
		946636B5240CD04A00A46021 /* q0050.swift in Sources */ = {isa = PBXBuildFile; fileRef = 946636B4240CD04A00A46021 /* q0050.swift */; };
		9471641A23F3F62400163DE8 /* main.swift in Sources */ = {isa = PBXBuildFile; fileRef = 9471641923F3F62400163DE8 /* main.swift */; };
		9471643123F4149400163DE8 /* q0040.swift in Sources */ = {isa = PBXBuildFile; fileRef = 9471642F23F4149400163DE8 /* q0040.swift */; };
		9471643223F4149400163DE8 /* q0039.swift in Sources */ = {isa = PBXBuildFile; fileRef = 9471643023F4149400163DE8 /* q0039.swift */; };
		9471643423F55E3E00163DE8 /* q0107.swift in Sources */ = {isa = PBXBuildFile; fileRef = 9471643323F55E3E00163DE8 /* q0107.swift */; };
		9471643623F55E6700163DE8 /* common.swift in Sources */ = {isa = PBXBuildFile; fileRef = 9471643523F55E6700163DE8 /* common.swift */; };
		9471643823F5687300163DE8 /* q0678.swift in Sources */ = {isa = PBXBuildFile; fileRef = 9471643723F5687300163DE8 /* q0678.swift */; };
		9490A05D23FAB3990037F06D /* q0047.swift in Sources */ = {isa = PBXBuildFile; fileRef = 9490A05C23FAB3990037F06D /* q0047.swift */; };
		9490A05F23FAB9A60037F06D /* q0048.swift in Sources */ = {isa = PBXBuildFile; fileRef = 9490A05E23FAB9A60037F06D /* q0048.swift */; };
		9490A06123FAC95C0037F06D /* q0437.swift in Sources */ = {isa = PBXBuildFile; fileRef = 9490A06023FAC95C0037F06D /* q0437.swift */; };
		9490A06923FBB86C0037F06D /* q0119.swift in Sources */ = {isa = PBXBuildFile; fileRef = 9490A06823FBB86C0037F06D /* q0119.swift */; };
		94A7B1E523FBC4A8009D0242 /* q0204.swift in Sources */ = {isa = PBXBuildFile; fileRef = 94A7B1E423FBC4A8009D0242 /* q0204.swift */; };
		94C6CC77240D2AE700D7A0EF /* q0052.swift in Sources */ = {isa = PBXBuildFile; fileRef = 94C6CC76240D2AE700D7A0EF /* q0052.swift */; };
		94C6CC79240D2D0400D7A0EF /* q0053.swift in Sources */ = {isa = PBXBuildFile; fileRef = 94C6CC78240D2D0400D7A0EF /* q0053.swift */; };
		94C6CC7B240D2F8A00D7A0EF /* q0055.swift in Sources */ = {isa = PBXBuildFile; fileRef = 94C6CC7A240D2F8A00D7A0EF /* q0055.swift */; };
		94C6CC7D240D361400D7A0EF /* q0056.swift in Sources */ = {isa = PBXBuildFile; fileRef = 94C6CC7C240D361400D7A0EF /* q0056.swift */; };
		94C6CC7F240D3BB700D7A0EF /* q0057.swift in Sources */ = {isa = PBXBuildFile; fileRef = 94C6CC7E240D3BB700D7A0EF /* q0057.swift */; };
		94C6CC81240D4F6500D7A0EF /* q0060.swift in Sources */ = {isa = PBXBuildFile; fileRef = 94C6CC80240D4F6500D7A0EF /* q0060.swift */; };
		94C6CC83240D500B00D7A0EF /* q0059.swift in Sources */ = {isa = PBXBuildFile; fileRef = 94C6CC82240D500B00D7A0EF /* q0059.swift */; };
		94F80EA22406196700464D77 /* q0416.swift in Sources */ = {isa = PBXBuildFile; fileRef = 94F80EA12406196700464D77 /* q0416.swift */; };
		94F80EA62407DDC400464D77 /* q0054.swift in Sources */ = {isa = PBXBuildFile; fileRef = 94F80EA52407DDC400464D77 /* q0054.swift */; };
		94F80EAA2407F4DA00464D77 /* q0771.swift in Sources */ = {isa = PBXBuildFile; fileRef = 94F80EA92407F4DA00464D77 /* q0771.swift */; };
/* End PBXBuildFile section */

/* Begin PBXCopyFilesBuildPhase section */
		9471641423F3F62400163DE8 /* CopyFiles */ = {
			isa = PBXCopyFilesBuildPhase;
			buildActionMask = 2147483647;
			dstPath = /usr/share/man/man1/;
			dstSubfolderSpec = 0;
			files = (
			);
			runOnlyForDeploymentPostprocessing = 1;
		};
/* End PBXCopyFilesBuildPhase section */

/* Begin PBXFileReference section */
		946636AE240AABF200A46021 /* q0001.swift */ = {isa = PBXFileReference; lastKnownFileType = sourcecode.swift; path = q0001.swift; sourceTree = "<group>"; };
		946636B0240AAFE000A46021 /* q0049.swift */ = {isa = PBXFileReference; lastKnownFileType = sourcecode.swift; path = q0049.swift; sourceTree = "<group>"; };
		946636B2240CD02300A46021 /* q0051.swift */ = {isa = PBXFileReference; lastKnownFileType = sourcecode.swift; path = q0051.swift; sourceTree = "<group>"; };
		946636B4240CD04A00A46021 /* q0050.swift */ = {isa = PBXFileReference; lastKnownFileType = sourcecode.swift; path = q0050.swift; sourceTree = "<group>"; };
		9471641623F3F62400163DE8 /* LeetcodeSwift */ = {isa = PBXFileReference; explicitFileType = "compiled.mach-o.executable"; includeInIndex = 0; path = LeetcodeSwift; sourceTree = BUILT_PRODUCTS_DIR; };
		9471641923F3F62400163DE8 /* main.swift */ = {isa = PBXFileReference; lastKnownFileType = sourcecode.swift; path = main.swift; sourceTree = "<group>"; };
		9471642F23F4149400163DE8 /* q0040.swift */ = {isa = PBXFileReference; fileEncoding = 4; lastKnownFileType = sourcecode.swift; path = q0040.swift; sourceTree = "<group>"; };
		9471643023F4149400163DE8 /* q0039.swift */ = {isa = PBXFileReference; fileEncoding = 4; lastKnownFileType = sourcecode.swift; path = q0039.swift; sourceTree = "<group>"; };
		9471643323F55E3E00163DE8 /* q0107.swift */ = {isa = PBXFileReference; lastKnownFileType = sourcecode.swift; path = q0107.swift; sourceTree = "<group>"; };
		9471643523F55E6700163DE8 /* common.swift */ = {isa = PBXFileReference; lastKnownFileType = sourcecode.swift; path = common.swift; sourceTree = "<group>"; };
		9471643723F5687300163DE8 /* q0678.swift */ = {isa = PBXFileReference; lastKnownFileType = sourcecode.swift; path = q0678.swift; sourceTree = "<group>"; };
		9490A05C23FAB3990037F06D /* q0047.swift */ = {isa = PBXFileReference; lastKnownFileType = sourcecode.swift; path = q0047.swift; sourceTree = "<group>"; };
		9490A05E23FAB9A60037F06D /* q0048.swift */ = {isa = PBXFileReference; lastKnownFileType = sourcecode.swift; path = q0048.swift; sourceTree = "<group>"; };
		9490A06023FAC95C0037F06D /* q0437.swift */ = {isa = PBXFileReference; lastKnownFileType = sourcecode.swift; path = q0437.swift; sourceTree = "<group>"; };
		9490A06823FBB86C0037F06D /* q0119.swift */ = {isa = PBXFileReference; lastKnownFileType = sourcecode.swift; path = q0119.swift; sourceTree = "<group>"; };
		94A7B1E423FBC4A8009D0242 /* q0204.swift */ = {isa = PBXFileReference; lastKnownFileType = sourcecode.swift; path = q0204.swift; sourceTree = "<group>"; };
		94C6CC76240D2AE700D7A0EF /* q0052.swift */ = {isa = PBXFileReference; lastKnownFileType = sourcecode.swift; path = q0052.swift; sourceTree = "<group>"; };
		94C6CC78240D2D0400D7A0EF /* q0053.swift */ = {isa = PBXFileReference; lastKnownFileType = sourcecode.swift; path = q0053.swift; sourceTree = "<group>"; };
		94C6CC7A240D2F8A00D7A0EF /* q0055.swift */ = {isa = PBXFileReference; lastKnownFileType = sourcecode.swift; path = q0055.swift; sourceTree = "<group>"; };
		94C6CC7C240D361400D7A0EF /* q0056.swift */ = {isa = PBXFileReference; lastKnownFileType = sourcecode.swift; path = q0056.swift; sourceTree = "<group>"; };
		94C6CC7E240D3BB700D7A0EF /* q0057.swift */ = {isa = PBXFileReference; lastKnownFileType = sourcecode.swift; path = q0057.swift; sourceTree = "<group>"; };
		94C6CC80240D4F6500D7A0EF /* q0060.swift */ = {isa = PBXFileReference; lastKnownFileType = sourcecode.swift; path = q0060.swift; sourceTree = "<group>"; };
		94C6CC82240D500B00D7A0EF /* q0059.swift */ = {isa = PBXFileReference; lastKnownFileType = sourcecode.swift; path = q0059.swift; sourceTree = "<group>"; };
		94F80EA12406196700464D77 /* q0416.swift */ = {isa = PBXFileReference; lastKnownFileType = sourcecode.swift; path = q0416.swift; sourceTree = "<group>"; };
		94F80EA52407DDC400464D77 /* q0054.swift */ = {isa = PBXFileReference; lastKnownFileType = sourcecode.swift; path = q0054.swift; sourceTree = "<group>"; };
		94F80EA92407F4DA00464D77 /* q0771.swift */ = {isa = PBXFileReference; lastKnownFileType = sourcecode.swift; path = q0771.swift; sourceTree = "<group>"; };
/* End PBXFileReference section */

/* Begin PBXFrameworksBuildPhase section */
		9471641323F3F62400163DE8 /* Frameworks */ = {
			isa = PBXFrameworksBuildPhase;
			buildActionMask = 2147483647;
			files = (
			);
			runOnlyForDeploymentPostprocessing = 0;
		};
/* End PBXFrameworksBuildPhase section */

/* Begin PBXGroup section */
		9471640D23F3F62400163DE8 = {
			isa = PBXGroup;
			children = (
				9471641823F3F62400163DE8 /* LeetcodeSwift */,
				9471641723F3F62400163DE8 /* Products */,
			);
			sourceTree = "<group>";
		};
		9471641723F3F62400163DE8 /* Products */ = {
			isa = PBXGroup;
			children = (
				9471641623F3F62400163DE8 /* LeetcodeSwift */,
			);
			name = Products;
			sourceTree = "<group>";
		};
		9471641823F3F62400163DE8 /* LeetcodeSwift */ = {
			isa = PBXGroup;
			children = (
				9471642E23F4149400163DE8 /* algorithms */,
				9471641923F3F62400163DE8 /* main.swift */,
			);
			path = LeetcodeSwift;
			sourceTree = "<group>";
		};
		9471642E23F4149400163DE8 /* algorithms */ = {
			isa = PBXGroup;
			children = (
				9471643523F55E6700163DE8 /* common.swift */,
				946636AE240AABF200A46021 /* q0001.swift */,
				9471643023F4149400163DE8 /* q0039.swift */,
				9471642F23F4149400163DE8 /* q0040.swift */,
				9490A05C23FAB3990037F06D /* q0047.swift */,
				9490A05E23FAB9A60037F06D /* q0048.swift */,
				946636B0240AAFE000A46021 /* q0049.swift */,
				946636B4240CD04A00A46021 /* q0050.swift */,
				946636B2240CD02300A46021 /* q0051.swift */,
				94C6CC76240D2AE700D7A0EF /* q0052.swift */,
				94C6CC78240D2D0400D7A0EF /* q0053.swift */,
				94F80EA52407DDC400464D77 /* q0054.swift */,
				94C6CC7A240D2F8A00D7A0EF /* q0055.swift */,
				94C6CC7C240D361400D7A0EF /* q0056.swift */,
				94C6CC7E240D3BB700D7A0EF /* q0057.swift */,
				94C6CC82240D500B00D7A0EF /* q0059.swift */,
				94C6CC80240D4F6500D7A0EF /* q0060.swift */,
				9471643323F55E3E00163DE8 /* q0107.swift */,
				9490A06823FBB86C0037F06D /* q0119.swift */,
				94A7B1E423FBC4A8009D0242 /* q0204.swift */,
				94F80EA12406196700464D77 /* q0416.swift */,
				9490A06023FAC95C0037F06D /* q0437.swift */,
				9471643723F5687300163DE8 /* q0678.swift */,
				94F80EA92407F4DA00464D77 /* q0771.swift */,
			);
			path = algorithms;
			sourceTree = "<group>";
		};
/* End PBXGroup section */

/* Begin PBXNativeTarget section */
		9471641523F3F62400163DE8 /* LeetcodeSwift */ = {
			isa = PBXNativeTarget;
			buildConfigurationList = 9471641D23F3F62400163DE8 /* Build configuration list for PBXNativeTarget "LeetcodeSwift" */;
			buildPhases = (
				9471641223F3F62400163DE8 /* Sources */,
				9471641323F3F62400163DE8 /* Frameworks */,
				9471641423F3F62400163DE8 /* CopyFiles */,
			);
			buildRules = (
			);
			dependencies = (
			);
			name = LeetcodeSwift;
			productName = LeetcodeSwift;
			productReference = 9471641623F3F62400163DE8 /* LeetcodeSwift */;
			productType = "com.apple.product-type.tool";
		};
/* End PBXNativeTarget section */

/* Begin PBXProject section */
		9471640E23F3F62400163DE8 /* Project object */ = {
			isa = PBXProject;
			attributes = {
				LastSwiftUpdateCheck = 1130;
				LastUpgradeCheck = 1130;
				ORGANIZATIONNAME = DL;
				TargetAttributes = {
					9471641523F3F62400163DE8 = {
						CreatedOnToolsVersion = 11.3.1;
					};
				};
			};
			buildConfigurationList = 9471641123F3F62400163DE8 /* Build configuration list for PBXProject "LeetcodeSwift" */;
			compatibilityVersion = "Xcode 9.3";
			developmentRegion = en;
			hasScannedForEncodings = 0;
			knownRegions = (
				en,
				Base,
			);
			mainGroup = 9471640D23F3F62400163DE8;
			productRefGroup = 9471641723F3F62400163DE8 /* Products */;
			projectDirPath = "";
			projectRoot = "";
			targets = (
				9471641523F3F62400163DE8 /* LeetcodeSwift */,
			);
		};
/* End PBXProject section */

/* Begin PBXSourcesBuildPhase section */
		9471641223F3F62400163DE8 /* Sources */ = {
			isa = PBXSourcesBuildPhase;
			buildActionMask = 2147483647;
			files = (
				946636B3240CD02300A46021 /* q0051.swift in Sources */,
				9490A06923FBB86C0037F06D /* q0119.swift in Sources */,
				946636B5240CD04A00A46021 /* q0050.swift in Sources */,
				9490A06123FAC95C0037F06D /* q0437.swift in Sources */,
				94C6CC7D240D361400D7A0EF /* q0056.swift in Sources */,
				94C6CC81240D4F6500D7A0EF /* q0060.swift in Sources */,
				9471643823F5687300163DE8 /* q0678.swift in Sources */,
				94A7B1E523FBC4A8009D0242 /* q0204.swift in Sources */,
				94C6CC83240D500B00D7A0EF /* q0059.swift in Sources */,
				946636B1240AAFE000A46021 /* q0049.swift in Sources */,
				94C6CC79240D2D0400D7A0EF /* q0053.swift in Sources */,
				94C6CC7B240D2F8A00D7A0EF /* q0055.swift in Sources */,
				9490A05D23FAB3990037F06D /* q0047.swift in Sources */,
				946636AF240AABF200A46021 /* q0001.swift in Sources */,
				9471641A23F3F62400163DE8 /* main.swift in Sources */,
				94F80EA22406196700464D77 /* q0416.swift in Sources */,
				9490A05F23FAB9A60037F06D /* q0048.swift in Sources */,
				94C6CC7F240D3BB700D7A0EF /* q0057.swift in Sources */,
				94F80EA62407DDC400464D77 /* q0054.swift in Sources */,
				94C6CC77240D2AE700D7A0EF /* q0052.swift in Sources */,
				9471643123F4149400163DE8 /* q0040.swift in Sources */,
				9471643223F4149400163DE8 /* q0039.swift in Sources */,
				9471643423F55E3E00163DE8 /* q0107.swift in Sources */,
				94F80EAA2407F4DA00464D77 /* q0771.swift in Sources */,
				9471643623F55E6700163DE8 /* common.swift in Sources */,
			);
			runOnlyForDeploymentPostprocessing = 0;
		};
/* End PBXSourcesBuildPhase section */

/* Begin XCBuildConfiguration section */
		9471641B23F3F62400163DE8 /* Debug */ = {
			isa = XCBuildConfiguration;
			buildSettings = {
				ALWAYS_SEARCH_USER_PATHS = NO;
				CLANG_ANALYZER_NONNULL = YES;
				CLANG_ANALYZER_NUMBER_OBJECT_CONVERSION = YES_AGGRESSIVE;
				CLANG_CXX_LANGUAGE_STANDARD = "gnu++14";
				CLANG_CXX_LIBRARY = "libc++";
				CLANG_ENABLE_MODULES = YES;
				CLANG_ENABLE_OBJC_ARC = YES;
				CLANG_ENABLE_OBJC_WEAK = YES;
				CLANG_WARN_BLOCK_CAPTURE_AUTORELEASING = YES;
				CLANG_WARN_BOOL_CONVERSION = YES;
				CLANG_WARN_COMMA = YES;
				CLANG_WARN_CONSTANT_CONVERSION = YES;
				CLANG_WARN_DEPRECATED_OBJC_IMPLEMENTATIONS = YES;
				CLANG_WARN_DIRECT_OBJC_ISA_USAGE = YES_ERROR;
				CLANG_WARN_DOCUMENTATION_COMMENTS = YES;
				CLANG_WARN_EMPTY_BODY = YES;
				CLANG_WARN_ENUM_CONVERSION = YES;
				CLANG_WARN_INFINITE_RECURSION = YES;
				CLANG_WARN_INT_CONVERSION = YES;
				CLANG_WARN_NON_LITERAL_NULL_CONVERSION = YES;
				CLANG_WARN_OBJC_IMPLICIT_RETAIN_SELF = YES;
				CLANG_WARN_OBJC_LITERAL_CONVERSION = YES;
				CLANG_WARN_OBJC_ROOT_CLASS = YES_ERROR;
				CLANG_WARN_RANGE_LOOP_ANALYSIS = YES;
				CLANG_WARN_STRICT_PROTOTYPES = YES;
				CLANG_WARN_SUSPICIOUS_MOVE = YES;
				CLANG_WARN_UNGUARDED_AVAILABILITY = YES_AGGRESSIVE;
				CLANG_WARN_UNREACHABLE_CODE = YES;
				CLANG_WARN__DUPLICATE_METHOD_MATCH = YES;
				COPY_PHASE_STRIP = NO;
				DEBUG_INFORMATION_FORMAT = dwarf;
				ENABLE_STRICT_OBJC_MSGSEND = YES;
				ENABLE_TESTABILITY = YES;
				GCC_C_LANGUAGE_STANDARD = gnu11;
				GCC_DYNAMIC_NO_PIC = NO;
				GCC_NO_COMMON_BLOCKS = YES;
				GCC_OPTIMIZATION_LEVEL = 0;
				GCC_PREPROCESSOR_DEFINITIONS = (
					"DEBUG=1",
					"$(inherited)",
				);
				GCC_WARN_64_TO_32_BIT_CONVERSION = YES;
				GCC_WARN_ABOUT_RETURN_TYPE = YES_ERROR;
				GCC_WARN_UNDECLARED_SELECTOR = YES;
				GCC_WARN_UNINITIALIZED_AUTOS = YES_AGGRESSIVE;
				GCC_WARN_UNUSED_FUNCTION = YES;
				GCC_WARN_UNUSED_VARIABLE = YES;
				MACOSX_DEPLOYMENT_TARGET = 10.15;
				MTL_ENABLE_DEBUG_INFO = INCLUDE_SOURCE;
				MTL_FAST_MATH = YES;
				ONLY_ACTIVE_ARCH = YES;
				SDKROOT = macosx;
				SWIFT_ACTIVE_COMPILATION_CONDITIONS = DEBUG;
				SWIFT_OPTIMIZATION_LEVEL = "-Onone";
			};
			name = Debug;
		};
		9471641C23F3F62400163DE8 /* Release */ = {
			isa = XCBuildConfiguration;
			buildSettings = {
				ALWAYS_SEARCH_USER_PATHS = NO;
				CLANG_ANALYZER_NONNULL = YES;
				CLANG_ANALYZER_NUMBER_OBJECT_CONVERSION = YES_AGGRESSIVE;
				CLANG_CXX_LANGUAGE_STANDARD = "gnu++14";
				CLANG_CXX_LIBRARY = "libc++";
				CLANG_ENABLE_MODULES = YES;
				CLANG_ENABLE_OBJC_ARC = YES;
				CLANG_ENABLE_OBJC_WEAK = YES;
				CLANG_WARN_BLOCK_CAPTURE_AUTORELEASING = YES;
				CLANG_WARN_BOOL_CONVERSION = YES;
				CLANG_WARN_COMMA = YES;
				CLANG_WARN_CONSTANT_CONVERSION = YES;
				CLANG_WARN_DEPRECATED_OBJC_IMPLEMENTATIONS = YES;
				CLANG_WARN_DIRECT_OBJC_ISA_USAGE = YES_ERROR;
				CLANG_WARN_DOCUMENTATION_COMMENTS = YES;
				CLANG_WARN_EMPTY_BODY = YES;
				CLANG_WARN_ENUM_CONVERSION = YES;
				CLANG_WARN_INFINITE_RECURSION = YES;
				CLANG_WARN_INT_CONVERSION = YES;
				CLANG_WARN_NON_LITERAL_NULL_CONVERSION = YES;
				CLANG_WARN_OBJC_IMPLICIT_RETAIN_SELF = YES;
				CLANG_WARN_OBJC_LITERAL_CONVERSION = YES;
				CLANG_WARN_OBJC_ROOT_CLASS = YES_ERROR;
				CLANG_WARN_RANGE_LOOP_ANALYSIS = YES;
				CLANG_WARN_STRICT_PROTOTYPES = YES;
				CLANG_WARN_SUSPICIOUS_MOVE = YES;
				CLANG_WARN_UNGUARDED_AVAILABILITY = YES_AGGRESSIVE;
				CLANG_WARN_UNREACHABLE_CODE = YES;
				CLANG_WARN__DUPLICATE_METHOD_MATCH = YES;
				COPY_PHASE_STRIP = NO;
				DEBUG_INFORMATION_FORMAT = "dwarf-with-dsym";
				ENABLE_NS_ASSERTIONS = NO;
				ENABLE_STRICT_OBJC_MSGSEND = YES;
				GCC_C_LANGUAGE_STANDARD = gnu11;
				GCC_NO_COMMON_BLOCKS = YES;
				GCC_WARN_64_TO_32_BIT_CONVERSION = YES;
				GCC_WARN_ABOUT_RETURN_TYPE = YES_ERROR;
				GCC_WARN_UNDECLARED_SELECTOR = YES;
				GCC_WARN_UNINITIALIZED_AUTOS = YES_AGGRESSIVE;
				GCC_WARN_UNUSED_FUNCTION = YES;
				GCC_WARN_UNUSED_VARIABLE = YES;
				MACOSX_DEPLOYMENT_TARGET = 10.15;
				MTL_ENABLE_DEBUG_INFO = NO;
				MTL_FAST_MATH = YES;
				SDKROOT = macosx;
				SWIFT_COMPILATION_MODE = wholemodule;
				SWIFT_OPTIMIZATION_LEVEL = "-O";
			};
			name = Release;
		};
		9471641E23F3F62400163DE8 /* Debug */ = {
			isa = XCBuildConfiguration;
			buildSettings = {
				CODE_SIGN_STYLE = Automatic;
				PRODUCT_NAME = "$(TARGET_NAME)";
				SWIFT_VERSION = 5.0;
			};
			name = Debug;
		};
		9471641F23F3F62400163DE8 /* Release */ = {
			isa = XCBuildConfiguration;
			buildSettings = {
				CODE_SIGN_STYLE = Automatic;
				PRODUCT_NAME = "$(TARGET_NAME)";
				SWIFT_VERSION = 5.0;
			};
			name = Release;
		};
/* End XCBuildConfiguration section */

/* Begin XCConfigurationList section */
		9471641123F3F62400163DE8 /* Build configuration list for PBXProject "LeetcodeSwift" */ = {
			isa = XCConfigurationList;
			buildConfigurations = (
				9471641B23F3F62400163DE8 /* Debug */,
				9471641C23F3F62400163DE8 /* Release */,
			);
			defaultConfigurationIsVisible = 0;
			defaultConfigurationName = Release;
		};
		9471641D23F3F62400163DE8 /* Build configuration list for PBXNativeTarget "LeetcodeSwift" */ = {
			isa = XCConfigurationList;
			buildConfigurations = (
				9471641E23F3F62400163DE8 /* Debug */,
				9471641F23F3F62400163DE8 /* Release */,
			);
			defaultConfigurationIsVisible = 0;
			defaultConfigurationName = Release;
		};
/* End XCConfigurationList section */
	};
	rootObject = 9471640E23F3F62400163DE8 /* Project object */;
}
