// !$*UTF8*$!
{
	archiveVersion = 1;
	classes = {
	};
	objectVersion = 50;
	objects = {

/* Begin PBXBuildFile section */
		68004A9921BBB9D400C66CE9 /* Extra.c in Sources */ = {isa = PBXBuildFile; fileRef = 68004A9821BBB9D400C66CE9 /* Extra.c */; };
		683B86D121A637890003AAA9 /* main.m in Sources */ = {isa = PBXBuildFile; fileRef = 683B86D021A637890003AAA9 /* main.m */; };
		943D2FF72374BF30003B85EA /* q0203.c in Sources */ = {isa = PBXBuildFile; fileRef = 943D2FF62374BF30003B85EA /* q0203.c */; };
		943D2FFA2374C53B003B85EA /* q0205.c in Sources */ = {isa = PBXBuildFile; fileRef = 943D2FF92374C53B003B85EA /* q0205.c */; };
		943D2FFD2374CA21003B85EA /* q0206.c in Sources */ = {isa = PBXBuildFile; fileRef = 943D2FFC2374CA21003B85EA /* q0206.c */; };
		943D30002374CC81003B85EA /* q0217.c in Sources */ = {isa = PBXBuildFile; fileRef = 943D2FFF2374CC81003B85EA /* q0217.c */; };
		943D30062374D1D7003B85EA /* q0226.c in Sources */ = {isa = PBXBuildFile; fileRef = 943D30052374D1D7003B85EA /* q0226.c */; };
		943D30092374D66D003B85EA /* q0231.c in Sources */ = {isa = PBXBuildFile; fileRef = 943D30082374D66D003B85EA /* q0231.c */; };
		943D300F2374DEF1003B85EA /* q0160.c in Sources */ = {isa = PBXBuildFile; fileRef = 943D300D2374DEF1003B85EA /* q0160.c */; };
		9465F0B523687C79005F8BD0 /* q0058.c in Sources */ = {isa = PBXBuildFile; fileRef = 9465F0B423687C79005F8BD0 /* q0058.c */; };
		9465F0B823687FF2005F8BD0 /* q0066.c in Sources */ = {isa = PBXBuildFile; fileRef = 9465F0B723687FF2005F8BD0 /* q0066.c */; };
		9465F0BB236885BA005F8BD0 /* q0067.c in Sources */ = {isa = PBXBuildFile; fileRef = 9465F0BA236885BA005F8BD0 /* q0067.c */; };
		9465F0BE2368969A005F8BD0 /* q0069.c in Sources */ = {isa = PBXBuildFile; fileRef = 9465F0BD2368969A005F8BD0 /* q0069.c */; };
		9465F0C12368B1FB005F8BD0 /* q0083.c in Sources */ = {isa = PBXBuildFile; fileRef = 9465F0C02368B1FB005F8BD0 /* q0083.c */; };
		9465F0C72368B7AA005F8BD0 /* q0100.c in Sources */ = {isa = PBXBuildFile; fileRef = 9465F0C62368B7AA005F8BD0 /* q0100.c */; };
		9465F0CA2368BC6A005F8BD0 /* q0101.c in Sources */ = {isa = PBXBuildFile; fileRef = 9465F0C92368BC6A005F8BD0 /* q0101.c */; };
		9465F0CD2368C399005F8BD0 /* q0104.c in Sources */ = {isa = PBXBuildFile; fileRef = 9465F0CC2368C399005F8BD0 /* q0104.c */; };
		9471640923F16B9500163DE8 /* q0696.c in Sources */ = {isa = PBXBuildFile; fileRef = 9471640823F16B9500163DE8 /* q0696.c */; };
		9471640C23F266E700163DE8 /* q0704.c in Sources */ = {isa = PBXBuildFile; fileRef = 9471640B23F266E700163DE8 /* q0704.c */; };
		9471643B23F57D7D00163DE8 /* q0678.c in Sources */ = {isa = PBXBuildFile; fileRef = 9471643A23F57D7D00163DE8 /* q0678.c */; };
		9471644123F7C99600163DE8 /* q0456.c in Sources */ = {isa = PBXBuildFile; fileRef = 9471644023F7C99600163DE8 /* q0456.c */; };
		94896616236ABA5B008C50E6 /* q0169.c in Sources */ = {isa = PBXBuildFile; fileRef = 94896615236ABA5B008C50E6 /* q0169.c */; };
		94896619236ABD4A008C50E6 /* q0172.c in Sources */ = {isa = PBXBuildFile; fileRef = 94896618236ABD4A008C50E6 /* q0172.c */; };
		9492FDBB235EF100006FC733 /* common.c in Sources */ = {isa = PBXBuildFile; fileRef = 9492FDBA235EF100006FC733 /* common.c */; };
		9492FDC3235EFD7B006FC733 /* q0001.c in Sources */ = {isa = PBXBuildFile; fileRef = 9492FDC2235EFD7B006FC733 /* q0001.c */; };
		9492FDC7235EFEBA006FC733 /* q0002.c in Sources */ = {isa = PBXBuildFile; fileRef = 9492FDC6235EFEBA006FC733 /* q0002.c */; };
		9492FDCA235EFF87006FC733 /* q0003.c in Sources */ = {isa = PBXBuildFile; fileRef = 9492FDC9235EFF87006FC733 /* q0003.c */; };
		9492FDCD235F03B9006FC733 /* q0004.c in Sources */ = {isa = PBXBuildFile; fileRef = 9492FDCC235F03B9006FC733 /* q0004.c */; };
		9492FDD0235F0437006FC733 /* q0005.c in Sources */ = {isa = PBXBuildFile; fileRef = 9492FDCF235F0437006FC733 /* q0005.c */; };
		9492FDD3235F0489006FC733 /* q0006.c in Sources */ = {isa = PBXBuildFile; fileRef = 9492FDD2235F0489006FC733 /* q0006.c */; };
		9492FDD6235F04DC006FC733 /* q0007.c in Sources */ = {isa = PBXBuildFile; fileRef = 9492FDD5235F04DC006FC733 /* q0007.c */; };
		9492FDD9235F057F006FC733 /* q0008.c in Sources */ = {isa = PBXBuildFile; fileRef = 9492FDD8235F057F006FC733 /* q0008.c */; };
		9492FDDC235F05CF006FC733 /* q0009.c in Sources */ = {isa = PBXBuildFile; fileRef = 9492FDDB235F05CF006FC733 /* q0009.c */; };
		9492FDDF235F062D006FC733 /* q0010.c in Sources */ = {isa = PBXBuildFile; fileRef = 9492FDDE235F062D006FC733 /* q0010.c */; };
		9492FDE2235F0681006FC733 /* q0011.c in Sources */ = {isa = PBXBuildFile; fileRef = 9492FDE1235F0681006FC733 /* q0011.c */; };
		9492FDE5235F0727006FC733 /* q0012.c in Sources */ = {isa = PBXBuildFile; fileRef = 9492FDE4235F0727006FC733 /* q0012.c */; };
		9492FDE8235F0767006FC733 /* q0013.c in Sources */ = {isa = PBXBuildFile; fileRef = 9492FDE7235F0767006FC733 /* q0013.c */; };
		9492FDEB235F0834006FC733 /* q0014.c in Sources */ = {isa = PBXBuildFile; fileRef = 9492FDEA235F0834006FC733 /* q0014.c */; };
		9492FDEE235F0873006FC733 /* q0015.c in Sources */ = {isa = PBXBuildFile; fileRef = 9492FDED235F0873006FC733 /* q0015.c */; };
		9492FDF1235F0914006FC733 /* q0016.c in Sources */ = {isa = PBXBuildFile; fileRef = 9492FDF0235F0914006FC733 /* q0016.c */; };
		9492FDF4235F094C006FC733 /* q0017.c in Sources */ = {isa = PBXBuildFile; fileRef = 9492FDF3235F094C006FC733 /* q0017.c */; };
		9492FDF7235F09A9006FC733 /* q0018.c in Sources */ = {isa = PBXBuildFile; fileRef = 9492FDF6235F09A9006FC733 /* q0018.c */; };
		9492FDFA235F09ED006FC733 /* q0019.c in Sources */ = {isa = PBXBuildFile; fileRef = 9492FDF9235F09ED006FC733 /* q0019.c */; };
		9492FDFD235F0A30006FC733 /* q0020.c in Sources */ = {isa = PBXBuildFile; fileRef = 9492FDFC235F0A30006FC733 /* q0020.c */; };
		9492FE03235F0A7C006FC733 /* q0021.c in Sources */ = {isa = PBXBuildFile; fileRef = 9492FE02235F0A7C006FC733 /* q0021.c */; };
		9492FE06235F0ACE006FC733 /* q0022.c in Sources */ = {isa = PBXBuildFile; fileRef = 9492FE05235F0ACE006FC733 /* q0022.c */; };
		9492FE09235F0B0F006FC733 /* q0023.c in Sources */ = {isa = PBXBuildFile; fileRef = 9492FE08235F0B0F006FC733 /* q0023.c */; };
		9492FE0C235F0E94006FC733 /* q0024.c in Sources */ = {isa = PBXBuildFile; fileRef = 9492FE0B235F0E94006FC733 /* q0024.c */; };
		9492FE0F235F0F15006FC733 /* q0025.c in Sources */ = {isa = PBXBuildFile; fileRef = 9492FE0E235F0F15006FC733 /* q0025.c */; };
		9492FE12235F0F56006FC733 /* q0026.c in Sources */ = {isa = PBXBuildFile; fileRef = 9492FE11235F0F56006FC733 /* q0026.c */; };
		9492FE15235F1218006FC733 /* q0027.c in Sources */ = {isa = PBXBuildFile; fileRef = 9492FE14235F1218006FC733 /* q0027.c */; };
		9492FE18235F1252006FC733 /* q0028.c in Sources */ = {isa = PBXBuildFile; fileRef = 9492FE17235F1252006FC733 /* q0028.c */; };
		9492FE1B235F1296006FC733 /* q0029.c in Sources */ = {isa = PBXBuildFile; fileRef = 9492FE1A235F1296006FC733 /* q0029.c */; };
		9492FE1E235F12DC006FC733 /* q0031.c in Sources */ = {isa = PBXBuildFile; fileRef = 9492FE1D235F12DC006FC733 /* q0031.c */; };
		9492FE21235F461F006FC733 /* q0032.c in Sources */ = {isa = PBXBuildFile; fileRef = 9492FE20235F461F006FC733 /* q0032.c */; };
		9492FE24235F4676006FC733 /* q0033.c in Sources */ = {isa = PBXBuildFile; fileRef = 9492FE23235F4676006FC733 /* q0033.c */; };
		9492FE27235F46B9006FC733 /* q0034.c in Sources */ = {isa = PBXBuildFile; fileRef = 9492FE26235F46B9006FC733 /* q0034.c */; };
		9492FE2A235F4711006FC733 /* q0035.c in Sources */ = {isa = PBXBuildFile; fileRef = 9492FE29235F4711006FC733 /* q0035.c */; };
		9492FE2D235F47A5006FC733 /* q0036.c in Sources */ = {isa = PBXBuildFile; fileRef = 9492FE2C235F47A5006FC733 /* q0036.c */; };
		9492FE30235F47DC006FC733 /* q0037.c in Sources */ = {isa = PBXBuildFile; fileRef = 9492FE2F235F47DC006FC733 /* q0037.c */; };
		9492FE33235F4886006FC733 /* q0038.c in Sources */ = {isa = PBXBuildFile; fileRef = 9492FE32235F4886006FC733 /* q0038.c */; };
		9492FE36235F48DB006FC733 /* q0041.c in Sources */ = {isa = PBXBuildFile; fileRef = 9492FE35235F48DB006FC733 /* q0041.c */; };
		9492FE39235F49B5006FC733 /* q0042.c in Sources */ = {isa = PBXBuildFile; fileRef = 9492FE38235F49B5006FC733 /* q0042.c */; };
		9492FE3C235F4A12006FC733 /* q0043.c in Sources */ = {isa = PBXBuildFile; fileRef = 9492FE3B235F4A12006FC733 /* q0043.c */; };
		9492FE3F235F4A44006FC733 /* q0046.c in Sources */ = {isa = PBXBuildFile; fileRef = 9492FE3E235F4A44006FC733 /* q0046.c */; };
		9492FE42235F4A7C006FC733 /* q0061.c in Sources */ = {isa = PBXBuildFile; fileRef = 9492FE41235F4A7C006FC733 /* q0061.c */; };
		9492FE45235F4B04006FC733 /* q0070.c in Sources */ = {isa = PBXBuildFile; fileRef = 9492FE44235F4B04006FC733 /* q0070.c */; };
		9492FE48235F4B3C006FC733 /* q0075.c in Sources */ = {isa = PBXBuildFile; fileRef = 9492FE47235F4B3C006FC733 /* q0075.c */; };
		9492FE4B235F4B6A006FC733 /* q0076.c in Sources */ = {isa = PBXBuildFile; fileRef = 9492FE4A235F4B6A006FC733 /* q0076.c */; };
		9492FE4E235F4B9A006FC733 /* q0080.c in Sources */ = {isa = PBXBuildFile; fileRef = 9492FE4D235F4B9A006FC733 /* q0080.c */; };
		9492FE51235F4C3E006FC733 /* q0086.c in Sources */ = {isa = PBXBuildFile; fileRef = 9492FE50235F4C3E006FC733 /* q0086.c */; };
		9492FE54235F4CDA006FC733 /* q0088.c in Sources */ = {isa = PBXBuildFile; fileRef = 9492FE53235F4CDA006FC733 /* q0088.c */; };
		9492FE57235F4D55006FC733 /* q0125.c in Sources */ = {isa = PBXBuildFile; fileRef = 9492FE56235F4D55006FC733 /* q0125.c */; };
		9492FE5D235F4DBC006FC733 /* q0141.c in Sources */ = {isa = PBXBuildFile; fileRef = 9492FE5C235F4DBC006FC733 /* q0141.c */; };
		9492FE60235F4DE9006FC733 /* q0142.c in Sources */ = {isa = PBXBuildFile; fileRef = 9492FE5F235F4DE9006FC733 /* q0142.c */; };
		9492FE63235F4E2B006FC733 /* q0167.c in Sources */ = {isa = PBXBuildFile; fileRef = 9492FE62235F4E2B006FC733 /* q0167.c */; };
		9492FE69235F4E7A006FC733 /* q0209.c in Sources */ = {isa = PBXBuildFile; fileRef = 9492FE68235F4E7A006FC733 /* q0209.c */; };
		9492FE6C235F4EAB006FC733 /* q0234.c in Sources */ = {isa = PBXBuildFile; fileRef = 9492FE6B235F4EAB006FC733 /* q0234.c */; };
		9492FE6F235F4EDC006FC733 /* q0283.c in Sources */ = {isa = PBXBuildFile; fileRef = 9492FE6E235F4EDC006FC733 /* q0283.c */; };
		9492FE72235F4F1A006FC733 /* q0344.c in Sources */ = {isa = PBXBuildFile; fileRef = 9492FE71235F4F1A006FC733 /* q0344.c */; };
		9492FE78235F4F57006FC733 /* q0345.c in Sources */ = {isa = PBXBuildFile; fileRef = 9492FE77235F4F57006FC733 /* q0345.c */; };
		9492FE7B235F4F90006FC733 /* q0349.c in Sources */ = {isa = PBXBuildFile; fileRef = 9492FE7A235F4F90006FC733 /* q0349.c */; };
		9492FE7E235F4FB9006FC733 /* q0350.c in Sources */ = {isa = PBXBuildFile; fileRef = 9492FE7D235F4FB9006FC733 /* q0350.c */; };
		9492FE81235F4FE5006FC733 /* q0424.c in Sources */ = {isa = PBXBuildFile; fileRef = 9492FE80235F4FE5006FC733 /* q0424.c */; };
		9492FE87235F504B006FC733 /* q0532.c in Sources */ = {isa = PBXBuildFile; fileRef = 9492FE86235F504B006FC733 /* q0532.c */; };
		9492FE8A235F5083006FC733 /* q0844.c in Sources */ = {isa = PBXBuildFile; fileRef = 9492FE89235F5083006FC733 /* q0844.c */; };
		9492FE8D235F50B8006FC733 /* q1081.c in Sources */ = {isa = PBXBuildFile; fileRef = 9492FE8C235F50B7006FC733 /* q1081.c */; };
		9492FE90235F50EC006FC733 /* q1155.c in Sources */ = {isa = PBXBuildFile; fileRef = 9492FE8F235F50EC006FC733 /* q1155.c */; };
		94A095962365CD11006AC152 /* q0457.c in Sources */ = {isa = PBXBuildFile; fileRef = 94A095952365CD11006AC152 /* q0457.c */; };
		94AB9BE8236BC9BB000DFB8C /* q0189.c in Sources */ = {isa = PBXBuildFile; fileRef = 94AB9BE7236BC9BB000DFB8C /* q0189.c */; };
		94CF876423698E180085BC53 /* q0108.c in Sources */ = {isa = PBXBuildFile; fileRef = 94CF876323698E180085BC53 /* q0108.c */; };
		94CF87672369E3270085BC53 /* q0110.c in Sources */ = {isa = PBXBuildFile; fileRef = 94CF87662369E3270085BC53 /* q0110.c */; };
		94CF876A2369F75C0085BC53 /* q0111.c in Sources */ = {isa = PBXBuildFile; fileRef = 94CF87692369F75C0085BC53 /* q0111.c */; };
		94CF876D2369FE0A0085BC53 /* q0112.c in Sources */ = {isa = PBXBuildFile; fileRef = 94CF876C2369FE0A0085BC53 /* q0112.c */; };
		94CF8770236A048E0085BC53 /* q0118.c in Sources */ = {isa = PBXBuildFile; fileRef = 94CF876F236A048E0085BC53 /* q0118.c */; };
		94CF8773236A166F0085BC53 /* q0121.c in Sources */ = {isa = PBXBuildFile; fileRef = 94CF8772236A166F0085BC53 /* q0121.c */; };
		94CF8776236A18DF0085BC53 /* q0122.c in Sources */ = {isa = PBXBuildFile; fileRef = 94CF8775236A18DF0085BC53 /* q0122.c */; };
		94CF8779236A1A730085BC53 /* q0136.c in Sources */ = {isa = PBXBuildFile; fileRef = 94CF8778236A1A730085BC53 /* q0136.c */; };
		94E04C0A236F631B0086FBA0 /* q0190.c in Sources */ = {isa = PBXBuildFile; fileRef = 94E04C09236F631B0086FBA0 /* q0190.c */; };
		94E04C0D236F67290086FBA0 /* q0191.c in Sources */ = {isa = PBXBuildFile; fileRef = 94E04C0C236F67290086FBA0 /* q0191.c */; };
		94E04C10236F695F0086FBA0 /* q0198.c in Sources */ = {isa = PBXBuildFile; fileRef = 94E04C0F236F695F0086FBA0 /* q0198.c */; };
		94E04C13236FB5B10086FBA0 /* q0202.c in Sources */ = {isa = PBXBuildFile; fileRef = 94E04C12236FB5B10086FBA0 /* q0202.c */; };
		94E6EAA8236225B700B25080 /* q0287.c in Sources */ = {isa = PBXBuildFile; fileRef = 94E6EAA7236225B700B25080 /* q0287.c */; };
		94ED2C43236729D100CB335A /* q0524.c in Sources */ = {isa = PBXBuildFile; fileRef = 94ED2C42236729D100CB335A /* q0524.c */; };
		94ED2C46236794A600CB335A /* q0567.c in Sources */ = {isa = PBXBuildFile; fileRef = 94ED2C45236794A600CB335A /* q0567.c */; };
/* End PBXBuildFile section */

/* Begin PBXCopyFilesBuildPhase section */
		683B86CB21A637890003AAA9 /* CopyFiles */ = {
			isa = PBXCopyFilesBuildPhase;
			buildActionMask = 2147483647;
			dstPath = /usr/share/man/man1/;
			dstSubfolderSpec = 0;
			files = (
			);
			runOnlyForDeploymentPostprocessing = 1;
		};
/* End PBXCopyFilesBuildPhase section */

/* Begin PBXFileReference section */
		68004A9721BBB9D400C66CE9 /* Extra.h */ = {isa = PBXFileReference; lastKnownFileType = sourcecode.c.h; path = Extra.h; sourceTree = "<group>"; };
		68004A9821BBB9D400C66CE9 /* Extra.c */ = {isa = PBXFileReference; lastKnownFileType = sourcecode.c.c; path = Extra.c; sourceTree = "<group>"; };
		683B86CD21A637890003AAA9 /* LeetCode */ = {isa = PBXFileReference; explicitFileType = "compiled.mach-o.executable"; includeInIndex = 0; path = LeetCode; sourceTree = BUILT_PRODUCTS_DIR; };
		683B86D021A637890003AAA9 /* main.m */ = {isa = PBXFileReference; lastKnownFileType = sourcecode.c.objc; path = main.m; sourceTree = "<group>"; };
		943D2FF52374BF30003B85EA /* q0203.h */ = {isa = PBXFileReference; lastKnownFileType = sourcecode.c.h; path = q0203.h; sourceTree = "<group>"; };
		943D2FF62374BF30003B85EA /* q0203.c */ = {isa = PBXFileReference; lastKnownFileType = sourcecode.c.c; path = q0203.c; sourceTree = "<group>"; };
		943D2FF82374C53B003B85EA /* q0205.h */ = {isa = PBXFileReference; lastKnownFileType = sourcecode.c.h; path = q0205.h; sourceTree = "<group>"; };
		943D2FF92374C53B003B85EA /* q0205.c */ = {isa = PBXFileReference; lastKnownFileType = sourcecode.c.c; path = q0205.c; sourceTree = "<group>"; };
		943D2FFB2374CA21003B85EA /* q0206.h */ = {isa = PBXFileReference; lastKnownFileType = sourcecode.c.h; path = q0206.h; sourceTree = "<group>"; };
		943D2FFC2374CA21003B85EA /* q0206.c */ = {isa = PBXFileReference; lastKnownFileType = sourcecode.c.c; path = q0206.c; sourceTree = "<group>"; };
		943D2FFE2374CC81003B85EA /* q0217.h */ = {isa = PBXFileReference; lastKnownFileType = sourcecode.c.h; path = q0217.h; sourceTree = "<group>"; };
		943D2FFF2374CC81003B85EA /* q0217.c */ = {isa = PBXFileReference; lastKnownFileType = sourcecode.c.c; path = q0217.c; sourceTree = "<group>"; };
		943D30042374D1D7003B85EA /* q0226.h */ = {isa = PBXFileReference; lastKnownFileType = sourcecode.c.h; path = q0226.h; sourceTree = "<group>"; };
		943D30052374D1D7003B85EA /* q0226.c */ = {isa = PBXFileReference; lastKnownFileType = sourcecode.c.c; path = q0226.c; sourceTree = "<group>"; };
		943D30072374D66D003B85EA /* q0231.h */ = {isa = PBXFileReference; lastKnownFileType = sourcecode.c.h; path = q0231.h; sourceTree = "<group>"; };
		943D30082374D66D003B85EA /* q0231.c */ = {isa = PBXFileReference; lastKnownFileType = sourcecode.c.c; path = q0231.c; sourceTree = "<group>"; };
		943D300C2374DEF1003B85EA /* q0160.h */ = {isa = PBXFileReference; fileEncoding = 4; lastKnownFileType = sourcecode.c.h; path = q0160.h; sourceTree = "<group>"; };
		943D300D2374DEF1003B85EA /* q0160.c */ = {isa = PBXFileReference; fileEncoding = 4; lastKnownFileType = sourcecode.c.c; path = q0160.c; sourceTree = "<group>"; };
		9465F0B323687C79005F8BD0 /* q0058.h */ = {isa = PBXFileReference; lastKnownFileType = sourcecode.c.h; path = q0058.h; sourceTree = "<group>"; };
		9465F0B423687C79005F8BD0 /* q0058.c */ = {isa = PBXFileReference; lastKnownFileType = sourcecode.c.c; path = q0058.c; sourceTree = "<group>"; };
		9465F0B623687FF2005F8BD0 /* q0066.h */ = {isa = PBXFileReference; lastKnownFileType = sourcecode.c.h; path = q0066.h; sourceTree = "<group>"; };
		9465F0B723687FF2005F8BD0 /* q0066.c */ = {isa = PBXFileReference; lastKnownFileType = sourcecode.c.c; path = q0066.c; sourceTree = "<group>"; };
		9465F0B9236885BA005F8BD0 /* q0067.h */ = {isa = PBXFileReference; lastKnownFileType = sourcecode.c.h; path = q0067.h; sourceTree = "<group>"; };
		9465F0BA236885BA005F8BD0 /* q0067.c */ = {isa = PBXFileReference; lastKnownFileType = sourcecode.c.c; path = q0067.c; sourceTree = "<group>"; };
		9465F0BC2368969A005F8BD0 /* q0069.h */ = {isa = PBXFileReference; lastKnownFileType = sourcecode.c.h; path = q0069.h; sourceTree = "<group>"; };
		9465F0BD2368969A005F8BD0 /* q0069.c */ = {isa = PBXFileReference; lastKnownFileType = sourcecode.c.c; path = q0069.c; sourceTree = "<group>"; };
		9465F0BF2368B1FB005F8BD0 /* q0083.h */ = {isa = PBXFileReference; lastKnownFileType = sourcecode.c.h; path = q0083.h; sourceTree = "<group>"; };
		9465F0C02368B1FB005F8BD0 /* q0083.c */ = {isa = PBXFileReference; lastKnownFileType = sourcecode.c.c; path = q0083.c; sourceTree = "<group>"; };
		9465F0C52368B7AA005F8BD0 /* q0100.h */ = {isa = PBXFileReference; lastKnownFileType = sourcecode.c.h; path = q0100.h; sourceTree = "<group>"; };
		9465F0C62368B7AA005F8BD0 /* q0100.c */ = {isa = PBXFileReference; lastKnownFileType = sourcecode.c.c; path = q0100.c; sourceTree = "<group>"; };
		9465F0C82368BC6A005F8BD0 /* q0101.h */ = {isa = PBXFileReference; lastKnownFileType = sourcecode.c.h; path = q0101.h; sourceTree = "<group>"; };
		9465F0C92368BC6A005F8BD0 /* q0101.c */ = {isa = PBXFileReference; lastKnownFileType = sourcecode.c.c; path = q0101.c; sourceTree = "<group>"; };
		9465F0CB2368C399005F8BD0 /* q0104.h */ = {isa = PBXFileReference; lastKnownFileType = sourcecode.c.h; path = q0104.h; sourceTree = "<group>"; };
		9465F0CC2368C399005F8BD0 /* q0104.c */ = {isa = PBXFileReference; lastKnownFileType = sourcecode.c.c; path = q0104.c; sourceTree = "<group>"; };
		9471640723F16B9500163DE8 /* q0696.h */ = {isa = PBXFileReference; lastKnownFileType = sourcecode.c.h; path = q0696.h; sourceTree = "<group>"; };
		9471640823F16B9500163DE8 /* q0696.c */ = {isa = PBXFileReference; lastKnownFileType = sourcecode.c.c; path = q0696.c; sourceTree = "<group>"; };
		9471640A23F266E700163DE8 /* q0704.h */ = {isa = PBXFileReference; lastKnownFileType = sourcecode.c.h; path = q0704.h; sourceTree = "<group>"; };
		9471640B23F266E700163DE8 /* q0704.c */ = {isa = PBXFileReference; lastKnownFileType = sourcecode.c.c; path = q0704.c; sourceTree = "<group>"; };
		9471643923F57D7D00163DE8 /* q0678.h */ = {isa = PBXFileReference; lastKnownFileType = sourcecode.c.h; path = q0678.h; sourceTree = "<group>"; };
		9471643A23F57D7D00163DE8 /* q0678.c */ = {isa = PBXFileReference; lastKnownFileType = sourcecode.c.c; path = q0678.c; sourceTree = "<group>"; };
		9471643F23F7C99600163DE8 /* q0456.h */ = {isa = PBXFileReference; lastKnownFileType = sourcecode.c.h; path = q0456.h; sourceTree = "<group>"; };
		9471644023F7C99600163DE8 /* q0456.c */ = {isa = PBXFileReference; lastKnownFileType = sourcecode.c.c; path = q0456.c; sourceTree = "<group>"; };
		94896614236ABA5B008C50E6 /* q0169.h */ = {isa = PBXFileReference; lastKnownFileType = sourcecode.c.h; path = q0169.h; sourceTree = "<group>"; };
		94896615236ABA5B008C50E6 /* q0169.c */ = {isa = PBXFileReference; lastKnownFileType = sourcecode.c.c; path = q0169.c; sourceTree = "<group>"; };
		94896617236ABD4A008C50E6 /* q0172.h */ = {isa = PBXFileReference; lastKnownFileType = sourcecode.c.h; path = q0172.h; sourceTree = "<group>"; };
		94896618236ABD4A008C50E6 /* q0172.c */ = {isa = PBXFileReference; lastKnownFileType = sourcecode.c.c; path = q0172.c; sourceTree = "<group>"; };
		9492FDB9235EEE9A006FC733 /* common.h */ = {isa = PBXFileReference; fileEncoding = 4; lastKnownFileType = sourcecode.c.h; path = common.h; sourceTree = "<group>"; };
		9492FDBA235EF100006FC733 /* common.c */ = {isa = PBXFileReference; lastKnownFileType = sourcecode.c.c; path = common.c; sourceTree = "<group>"; };
		9492FDC1235EFD7B006FC733 /* q0001.h */ = {isa = PBXFileReference; lastKnownFileType = sourcecode.c.h; path = q0001.h; sourceTree = "<group>"; };
		9492FDC2235EFD7B006FC733 /* q0001.c */ = {isa = PBXFileReference; lastKnownFileType = sourcecode.c.c; path = q0001.c; sourceTree = "<group>"; };
		9492FDC4235EFE44006FC733 /* algorithms.h */ = {isa = PBXFileReference; lastKnownFileType = sourcecode.c.h; path = algorithms.h; sourceTree = "<group>"; };
		9492FDC5235EFEBA006FC733 /* q0002.h */ = {isa = PBXFileReference; lastKnownFileType = sourcecode.c.h; path = q0002.h; sourceTree = "<group>"; };
		9492FDC6235EFEBA006FC733 /* q0002.c */ = {isa = PBXFileReference; lastKnownFileType = sourcecode.c.c; path = q0002.c; sourceTree = "<group>"; };
		9492FDC8235EFF87006FC733 /* q0003.h */ = {isa = PBXFileReference; lastKnownFileType = sourcecode.c.h; path = q0003.h; sourceTree = "<group>"; };
		9492FDC9235EFF87006FC733 /* q0003.c */ = {isa = PBXFileReference; lastKnownFileType = sourcecode.c.c; path = q0003.c; sourceTree = "<group>"; };
		9492FDCB235F03B9006FC733 /* q0004.h */ = {isa = PBXFileReference; lastKnownFileType = sourcecode.c.h; path = q0004.h; sourceTree = "<group>"; };
		9492FDCC235F03B9006FC733 /* q0004.c */ = {isa = PBXFileReference; lastKnownFileType = sourcecode.c.c; path = q0004.c; sourceTree = "<group>"; };
		9492FDCE235F0437006FC733 /* q0005.h */ = {isa = PBXFileReference; lastKnownFileType = sourcecode.c.h; path = q0005.h; sourceTree = "<group>"; };
		9492FDCF235F0437006FC733 /* q0005.c */ = {isa = PBXFileReference; lastKnownFileType = sourcecode.c.c; path = q0005.c; sourceTree = "<group>"; };
		9492FDD1235F0489006FC733 /* q0006.h */ = {isa = PBXFileReference; lastKnownFileType = sourcecode.c.h; path = q0006.h; sourceTree = "<group>"; };
		9492FDD2235F0489006FC733 /* q0006.c */ = {isa = PBXFileReference; lastKnownFileType = sourcecode.c.c; path = q0006.c; sourceTree = "<group>"; };
		9492FDD4235F04DC006FC733 /* q0007.h */ = {isa = PBXFileReference; lastKnownFileType = sourcecode.c.h; path = q0007.h; sourceTree = "<group>"; };
		9492FDD5235F04DC006FC733 /* q0007.c */ = {isa = PBXFileReference; lastKnownFileType = sourcecode.c.c; path = q0007.c; sourceTree = "<group>"; };
		9492FDD7235F057F006FC733 /* q0008.h */ = {isa = PBXFileReference; lastKnownFileType = sourcecode.c.h; path = q0008.h; sourceTree = "<group>"; };
		9492FDD8235F057F006FC733 /* q0008.c */ = {isa = PBXFileReference; lastKnownFileType = sourcecode.c.c; path = q0008.c; sourceTree = "<group>"; };
		9492FDDA235F05CF006FC733 /* q0009.h */ = {isa = PBXFileReference; lastKnownFileType = sourcecode.c.h; path = q0009.h; sourceTree = "<group>"; };
		9492FDDB235F05CF006FC733 /* q0009.c */ = {isa = PBXFileReference; lastKnownFileType = sourcecode.c.c; path = q0009.c; sourceTree = "<group>"; };
		9492FDDD235F062D006FC733 /* q0010.h */ = {isa = PBXFileReference; lastKnownFileType = sourcecode.c.h; path = q0010.h; sourceTree = "<group>"; };
		9492FDDE235F062D006FC733 /* q0010.c */ = {isa = PBXFileReference; lastKnownFileType = sourcecode.c.c; path = q0010.c; sourceTree = "<group>"; };
		9492FDE0235F0681006FC733 /* q0011.h */ = {isa = PBXFileReference; lastKnownFileType = sourcecode.c.h; path = q0011.h; sourceTree = "<group>"; };
		9492FDE1235F0681006FC733 /* q0011.c */ = {isa = PBXFileReference; lastKnownFileType = sourcecode.c.c; path = q0011.c; sourceTree = "<group>"; };
		9492FDE3235F0727006FC733 /* q0012.h */ = {isa = PBXFileReference; lastKnownFileType = sourcecode.c.h; path = q0012.h; sourceTree = "<group>"; };
		9492FDE4235F0727006FC733 /* q0012.c */ = {isa = PBXFileReference; lastKnownFileType = sourcecode.c.c; path = q0012.c; sourceTree = "<group>"; };
		9492FDE6235F0767006FC733 /* q0013.h */ = {isa = PBXFileReference; lastKnownFileType = sourcecode.c.h; path = q0013.h; sourceTree = "<group>"; };
		9492FDE7235F0767006FC733 /* q0013.c */ = {isa = PBXFileReference; lastKnownFileType = sourcecode.c.c; path = q0013.c; sourceTree = "<group>"; };
		9492FDE9235F0834006FC733 /* q0014.h */ = {isa = PBXFileReference; lastKnownFileType = sourcecode.c.h; path = q0014.h; sourceTree = "<group>"; };
		9492FDEA235F0834006FC733 /* q0014.c */ = {isa = PBXFileReference; lastKnownFileType = sourcecode.c.c; path = q0014.c; sourceTree = "<group>"; };
		9492FDEC235F0873006FC733 /* q0015.h */ = {isa = PBXFileReference; lastKnownFileType = sourcecode.c.h; path = q0015.h; sourceTree = "<group>"; };
		9492FDED235F0873006FC733 /* q0015.c */ = {isa = PBXFileReference; lastKnownFileType = sourcecode.c.c; path = q0015.c; sourceTree = "<group>"; };
		9492FDEF235F0914006FC733 /* q0016.h */ = {isa = PBXFileReference; lastKnownFileType = sourcecode.c.h; path = q0016.h; sourceTree = "<group>"; };
		9492FDF0235F0914006FC733 /* q0016.c */ = {isa = PBXFileReference; lastKnownFileType = sourcecode.c.c; path = q0016.c; sourceTree = "<group>"; };
		9492FDF2235F094C006FC733 /* q0017.h */ = {isa = PBXFileReference; lastKnownFileType = sourcecode.c.h; path = q0017.h; sourceTree = "<group>"; };
		9492FDF3235F094C006FC733 /* q0017.c */ = {isa = PBXFileReference; lastKnownFileType = sourcecode.c.c; path = q0017.c; sourceTree = "<group>"; };
		9492FDF5235F09A9006FC733 /* q0018.h */ = {isa = PBXFileReference; lastKnownFileType = sourcecode.c.h; path = q0018.h; sourceTree = "<group>"; };
		9492FDF6235F09A9006FC733 /* q0018.c */ = {isa = PBXFileReference; lastKnownFileType = sourcecode.c.c; path = q0018.c; sourceTree = "<group>"; };
		9492FDF8235F09ED006FC733 /* q0019.h */ = {isa = PBXFileReference; lastKnownFileType = sourcecode.c.h; path = q0019.h; sourceTree = "<group>"; };
		9492FDF9235F09ED006FC733 /* q0019.c */ = {isa = PBXFileReference; lastKnownFileType = sourcecode.c.c; path = q0019.c; sourceTree = "<group>"; };
		9492FDFB235F0A30006FC733 /* q0020.h */ = {isa = PBXFileReference; lastKnownFileType = sourcecode.c.h; path = q0020.h; sourceTree = "<group>"; };
		9492FDFC235F0A30006FC733 /* q0020.c */ = {isa = PBXFileReference; lastKnownFileType = sourcecode.c.c; path = q0020.c; sourceTree = "<group>"; };
		9492FE01235F0A7C006FC733 /* q0021.h */ = {isa = PBXFileReference; lastKnownFileType = sourcecode.c.h; path = q0021.h; sourceTree = "<group>"; };
		9492FE02235F0A7C006FC733 /* q0021.c */ = {isa = PBXFileReference; lastKnownFileType = sourcecode.c.c; path = q0021.c; sourceTree = "<group>"; };
		9492FE04235F0ACE006FC733 /* q0022.h */ = {isa = PBXFileReference; lastKnownFileType = sourcecode.c.h; path = q0022.h; sourceTree = "<group>"; };
		9492FE05235F0ACE006FC733 /* q0022.c */ = {isa = PBXFileReference; lastKnownFileType = sourcecode.c.c; path = q0022.c; sourceTree = "<group>"; };
		9492FE07235F0B0F006FC733 /* q0023.h */ = {isa = PBXFileReference; lastKnownFileType = sourcecode.c.h; path = q0023.h; sourceTree = "<group>"; };
		9492FE08235F0B0F006FC733 /* q0023.c */ = {isa = PBXFileReference; lastKnownFileType = sourcecode.c.c; path = q0023.c; sourceTree = "<group>"; };
		9492FE0A235F0E94006FC733 /* q0024.h */ = {isa = PBXFileReference; lastKnownFileType = sourcecode.c.h; path = q0024.h; sourceTree = "<group>"; };
		9492FE0B235F0E94006FC733 /* q0024.c */ = {isa = PBXFileReference; lastKnownFileType = sourcecode.c.c; path = q0024.c; sourceTree = "<group>"; };
		9492FE0D235F0F15006FC733 /* q0025.h */ = {isa = PBXFileReference; lastKnownFileType = sourcecode.c.h; path = q0025.h; sourceTree = "<group>"; };
		9492FE0E235F0F15006FC733 /* q0025.c */ = {isa = PBXFileReference; lastKnownFileType = sourcecode.c.c; path = q0025.c; sourceTree = "<group>"; };
		9492FE10235F0F56006FC733 /* q0026.h */ = {isa = PBXFileReference; lastKnownFileType = sourcecode.c.h; path = q0026.h; sourceTree = "<group>"; };
		9492FE11235F0F56006FC733 /* q0026.c */ = {isa = PBXFileReference; lastKnownFileType = sourcecode.c.c; path = q0026.c; sourceTree = "<group>"; };
		9492FE13235F1218006FC733 /* q0027.h */ = {isa = PBXFileReference; lastKnownFileType = sourcecode.c.h; path = q0027.h; sourceTree = "<group>"; };
		9492FE14235F1218006FC733 /* q0027.c */ = {isa = PBXFileReference; lastKnownFileType = sourcecode.c.c; path = q0027.c; sourceTree = "<group>"; };
		9492FE16235F1252006FC733 /* q0028.h */ = {isa = PBXFileReference; lastKnownFileType = sourcecode.c.h; path = q0028.h; sourceTree = "<group>"; };
		9492FE17235F1252006FC733 /* q0028.c */ = {isa = PBXFileReference; lastKnownFileType = sourcecode.c.c; path = q0028.c; sourceTree = "<group>"; };
		9492FE19235F1296006FC733 /* q0029.h */ = {isa = PBXFileReference; lastKnownFileType = sourcecode.c.h; path = q0029.h; sourceTree = "<group>"; };
		9492FE1A235F1296006FC733 /* q0029.c */ = {isa = PBXFileReference; lastKnownFileType = sourcecode.c.c; path = q0029.c; sourceTree = "<group>"; };
		9492FE1C235F12DC006FC733 /* q0031.h */ = {isa = PBXFileReference; lastKnownFileType = sourcecode.c.h; path = q0031.h; sourceTree = "<group>"; };
		9492FE1D235F12DC006FC733 /* q0031.c */ = {isa = PBXFileReference; lastKnownFileType = sourcecode.c.c; path = q0031.c; sourceTree = "<group>"; };
		9492FE1F235F461F006FC733 /* q0032.h */ = {isa = PBXFileReference; lastKnownFileType = sourcecode.c.h; path = q0032.h; sourceTree = "<group>"; };
		9492FE20235F461F006FC733 /* q0032.c */ = {isa = PBXFileReference; lastKnownFileType = sourcecode.c.c; path = q0032.c; sourceTree = "<group>"; };
		9492FE22235F4676006FC733 /* q0033.h */ = {isa = PBXFileReference; lastKnownFileType = sourcecode.c.h; path = q0033.h; sourceTree = "<group>"; };
		9492FE23235F4676006FC733 /* q0033.c */ = {isa = PBXFileReference; lastKnownFileType = sourcecode.c.c; path = q0033.c; sourceTree = "<group>"; };
		9492FE25235F46B9006FC733 /* q0034.h */ = {isa = PBXFileReference; lastKnownFileType = sourcecode.c.h; path = q0034.h; sourceTree = "<group>"; };
		9492FE26235F46B9006FC733 /* q0034.c */ = {isa = PBXFileReference; lastKnownFileType = sourcecode.c.c; path = q0034.c; sourceTree = "<group>"; };
		9492FE28235F4711006FC733 /* q0035.h */ = {isa = PBXFileReference; lastKnownFileType = sourcecode.c.h; path = q0035.h; sourceTree = "<group>"; };
		9492FE29235F4711006FC733 /* q0035.c */ = {isa = PBXFileReference; lastKnownFileType = sourcecode.c.c; path = q0035.c; sourceTree = "<group>"; };
		9492FE2B235F47A5006FC733 /* q0036.h */ = {isa = PBXFileReference; lastKnownFileType = sourcecode.c.h; path = q0036.h; sourceTree = "<group>"; };
		9492FE2C235F47A5006FC733 /* q0036.c */ = {isa = PBXFileReference; lastKnownFileType = sourcecode.c.c; path = q0036.c; sourceTree = "<group>"; };
		9492FE2E235F47DC006FC733 /* q0037.h */ = {isa = PBXFileReference; lastKnownFileType = sourcecode.c.h; path = q0037.h; sourceTree = "<group>"; };
		9492FE2F235F47DC006FC733 /* q0037.c */ = {isa = PBXFileReference; lastKnownFileType = sourcecode.c.c; path = q0037.c; sourceTree = "<group>"; };
		9492FE31235F4886006FC733 /* q0038.h */ = {isa = PBXFileReference; lastKnownFileType = sourcecode.c.h; path = q0038.h; sourceTree = "<group>"; };
		9492FE32235F4886006FC733 /* q0038.c */ = {isa = PBXFileReference; lastKnownFileType = sourcecode.c.c; path = q0038.c; sourceTree = "<group>"; };
		9492FE34235F48DB006FC733 /* q0041.h */ = {isa = PBXFileReference; lastKnownFileType = sourcecode.c.h; path = q0041.h; sourceTree = "<group>"; };
		9492FE35235F48DB006FC733 /* q0041.c */ = {isa = PBXFileReference; lastKnownFileType = sourcecode.c.c; path = q0041.c; sourceTree = "<group>"; };
		9492FE37235F49B5006FC733 /* q0042.h */ = {isa = PBXFileReference; lastKnownFileType = sourcecode.c.h; path = q0042.h; sourceTree = "<group>"; };
		9492FE38235F49B5006FC733 /* q0042.c */ = {isa = PBXFileReference; lastKnownFileType = sourcecode.c.c; path = q0042.c; sourceTree = "<group>"; };
		9492FE3A235F4A12006FC733 /* q0043.h */ = {isa = PBXFileReference; lastKnownFileType = sourcecode.c.h; path = q0043.h; sourceTree = "<group>"; };
		9492FE3B235F4A12006FC733 /* q0043.c */ = {isa = PBXFileReference; lastKnownFileType = sourcecode.c.c; path = q0043.c; sourceTree = "<group>"; };
		9492FE3D235F4A44006FC733 /* q0046.h */ = {isa = PBXFileReference; lastKnownFileType = sourcecode.c.h; path = q0046.h; sourceTree = "<group>"; };
		9492FE3E235F4A44006FC733 /* q0046.c */ = {isa = PBXFileReference; lastKnownFileType = sourcecode.c.c; path = q0046.c; sourceTree = "<group>"; };
		9492FE40235F4A7C006FC733 /* q0061.h */ = {isa = PBXFileReference; lastKnownFileType = sourcecode.c.h; path = q0061.h; sourceTree = "<group>"; };
		9492FE41235F4A7C006FC733 /* q0061.c */ = {isa = PBXFileReference; lastKnownFileType = sourcecode.c.c; path = q0061.c; sourceTree = "<group>"; };
		9492FE43235F4B04006FC733 /* q0070.h */ = {isa = PBXFileReference; lastKnownFileType = sourcecode.c.h; path = q0070.h; sourceTree = "<group>"; };
		9492FE44235F4B04006FC733 /* q0070.c */ = {isa = PBXFileReference; lastKnownFileType = sourcecode.c.c; path = q0070.c; sourceTree = "<group>"; };
		9492FE46235F4B3C006FC733 /* q0075.h */ = {isa = PBXFileReference; lastKnownFileType = sourcecode.c.h; path = q0075.h; sourceTree = "<group>"; };
		9492FE47235F4B3C006FC733 /* q0075.c */ = {isa = PBXFileReference; lastKnownFileType = sourcecode.c.c; path = q0075.c; sourceTree = "<group>"; };
		9492FE49235F4B6A006FC733 /* q0076.h */ = {isa = PBXFileReference; lastKnownFileType = sourcecode.c.h; path = q0076.h; sourceTree = "<group>"; };
		9492FE4A235F4B6A006FC733 /* q0076.c */ = {isa = PBXFileReference; fileEncoding = 4; lastKnownFileType = sourcecode.c.c; path = q0076.c; sourceTree = "<group>"; };
		9492FE4C235F4B9A006FC733 /* q0080.h */ = {isa = PBXFileReference; lastKnownFileType = sourcecode.c.h; path = q0080.h; sourceTree = "<group>"; };
		9492FE4D235F4B9A006FC733 /* q0080.c */ = {isa = PBXFileReference; lastKnownFileType = sourcecode.c.c; path = q0080.c; sourceTree = "<group>"; };
		9492FE4F235F4C3E006FC733 /* q0086.h */ = {isa = PBXFileReference; lastKnownFileType = sourcecode.c.h; path = q0086.h; sourceTree = "<group>"; };
		9492FE50235F4C3E006FC733 /* q0086.c */ = {isa = PBXFileReference; lastKnownFileType = sourcecode.c.c; path = q0086.c; sourceTree = "<group>"; };
		9492FE52235F4CDA006FC733 /* q0088.h */ = {isa = PBXFileReference; lastKnownFileType = sourcecode.c.h; path = q0088.h; sourceTree = "<group>"; };
		9492FE53235F4CDA006FC733 /* q0088.c */ = {isa = PBXFileReference; lastKnownFileType = sourcecode.c.c; path = q0088.c; sourceTree = "<group>"; };
		9492FE55235F4D55006FC733 /* q0125.h */ = {isa = PBXFileReference; lastKnownFileType = sourcecode.c.h; path = q0125.h; sourceTree = "<group>"; };
		9492FE56235F4D55006FC733 /* q0125.c */ = {isa = PBXFileReference; lastKnownFileType = sourcecode.c.c; path = q0125.c; sourceTree = "<group>"; };
		9492FE5B235F4DBC006FC733 /* q0141.h */ = {isa = PBXFileReference; lastKnownFileType = sourcecode.c.h; path = q0141.h; sourceTree = "<group>"; };
		9492FE5C235F4DBC006FC733 /* q0141.c */ = {isa = PBXFileReference; lastKnownFileType = sourcecode.c.c; path = q0141.c; sourceTree = "<group>"; };
		9492FE5E235F4DE9006FC733 /* q0142.h */ = {isa = PBXFileReference; lastKnownFileType = sourcecode.c.h; path = q0142.h; sourceTree = "<group>"; };
		9492FE5F235F4DE9006FC733 /* q0142.c */ = {isa = PBXFileReference; lastKnownFileType = sourcecode.c.c; path = q0142.c; sourceTree = "<group>"; };
		9492FE61235F4E2B006FC733 /* q0167.h */ = {isa = PBXFileReference; lastKnownFileType = sourcecode.c.h; path = q0167.h; sourceTree = "<group>"; };
		9492FE62235F4E2B006FC733 /* q0167.c */ = {isa = PBXFileReference; lastKnownFileType = sourcecode.c.c; path = q0167.c; sourceTree = "<group>"; };
		9492FE67235F4E7A006FC733 /* q0209.h */ = {isa = PBXFileReference; lastKnownFileType = sourcecode.c.h; path = q0209.h; sourceTree = "<group>"; };
		9492FE68235F4E7A006FC733 /* q0209.c */ = {isa = PBXFileReference; lastKnownFileType = sourcecode.c.c; path = q0209.c; sourceTree = "<group>"; };
		9492FE6A235F4EAB006FC733 /* q0234.h */ = {isa = PBXFileReference; lastKnownFileType = sourcecode.c.h; path = q0234.h; sourceTree = "<group>"; };
		9492FE6B235F4EAB006FC733 /* q0234.c */ = {isa = PBXFileReference; lastKnownFileType = sourcecode.c.c; path = q0234.c; sourceTree = "<group>"; };
		9492FE6D235F4EDC006FC733 /* q0283.h */ = {isa = PBXFileReference; lastKnownFileType = sourcecode.c.h; path = q0283.h; sourceTree = "<group>"; };
		9492FE6E235F4EDC006FC733 /* q0283.c */ = {isa = PBXFileReference; lastKnownFileType = sourcecode.c.c; path = q0283.c; sourceTree = "<group>"; };
		9492FE70235F4F1A006FC733 /* q0344.h */ = {isa = PBXFileReference; lastKnownFileType = sourcecode.c.h; path = q0344.h; sourceTree = "<group>"; };
		9492FE71235F4F1A006FC733 /* q0344.c */ = {isa = PBXFileReference; lastKnownFileType = sourcecode.c.c; path = q0344.c; sourceTree = "<group>"; };
		9492FE76235F4F57006FC733 /* q0345.h */ = {isa = PBXFileReference; lastKnownFileType = sourcecode.c.h; path = q0345.h; sourceTree = "<group>"; };
		9492FE77235F4F57006FC733 /* q0345.c */ = {isa = PBXFileReference; lastKnownFileType = sourcecode.c.c; path = q0345.c; sourceTree = "<group>"; };
		9492FE79235F4F90006FC733 /* q0349.h */ = {isa = PBXFileReference; lastKnownFileType = sourcecode.c.h; path = q0349.h; sourceTree = "<group>"; };
		9492FE7A235F4F90006FC733 /* q0349.c */ = {isa = PBXFileReference; lastKnownFileType = sourcecode.c.c; path = q0349.c; sourceTree = "<group>"; };
		9492FE7C235F4FB9006FC733 /* q0350.h */ = {isa = PBXFileReference; lastKnownFileType = sourcecode.c.h; path = q0350.h; sourceTree = "<group>"; };
		9492FE7D235F4FB9006FC733 /* q0350.c */ = {isa = PBXFileReference; lastKnownFileType = sourcecode.c.c; path = q0350.c; sourceTree = "<group>"; };
		9492FE7F235F4FE5006FC733 /* q0424.h */ = {isa = PBXFileReference; lastKnownFileType = sourcecode.c.h; path = q0424.h; sourceTree = "<group>"; };
		9492FE80235F4FE5006FC733 /* q0424.c */ = {isa = PBXFileReference; lastKnownFileType = sourcecode.c.c; path = q0424.c; sourceTree = "<group>"; };
		9492FE85235F504B006FC733 /* q0532.h */ = {isa = PBXFileReference; lastKnownFileType = sourcecode.c.h; path = q0532.h; sourceTree = "<group>"; };
		9492FE86235F504B006FC733 /* q0532.c */ = {isa = PBXFileReference; lastKnownFileType = sourcecode.c.c; path = q0532.c; sourceTree = "<group>"; };
		9492FE88235F5083006FC733 /* q0844.h */ = {isa = PBXFileReference; lastKnownFileType = sourcecode.c.h; path = q0844.h; sourceTree = "<group>"; };
		9492FE89235F5083006FC733 /* q0844.c */ = {isa = PBXFileReference; lastKnownFileType = sourcecode.c.c; path = q0844.c; sourceTree = "<group>"; };
		9492FE8B235F50B7006FC733 /* q1081.h */ = {isa = PBXFileReference; lastKnownFileType = sourcecode.c.h; path = q1081.h; sourceTree = "<group>"; };
		9492FE8C235F50B7006FC733 /* q1081.c */ = {isa = PBXFileReference; lastKnownFileType = sourcecode.c.c; path = q1081.c; sourceTree = "<group>"; };
		9492FE8E235F50EC006FC733 /* q1155.h */ = {isa = PBXFileReference; lastKnownFileType = sourcecode.c.h; path = q1155.h; sourceTree = "<group>"; };
		9492FE8F235F50EC006FC733 /* q1155.c */ = {isa = PBXFileReference; lastKnownFileType = sourcecode.c.c; path = q1155.c; sourceTree = "<group>"; };
		94A095942365CD11006AC152 /* q0457.h */ = {isa = PBXFileReference; lastKnownFileType = sourcecode.c.h; path = q0457.h; sourceTree = "<group>"; };
		94A095952365CD11006AC152 /* q0457.c */ = {isa = PBXFileReference; lastKnownFileType = sourcecode.c.c; path = q0457.c; sourceTree = "<group>"; };
		94AB9BE6236BC9BB000DFB8C /* q0189.h */ = {isa = PBXFileReference; lastKnownFileType = sourcecode.c.h; path = q0189.h; sourceTree = "<group>"; };
		94AB9BE7236BC9BB000DFB8C /* q0189.c */ = {isa = PBXFileReference; lastKnownFileType = sourcecode.c.c; path = q0189.c; sourceTree = "<group>"; };
		94CF876223698E180085BC53 /* q0108.h */ = {isa = PBXFileReference; lastKnownFileType = sourcecode.c.h; path = q0108.h; sourceTree = "<group>"; };
		94CF876323698E180085BC53 /* q0108.c */ = {isa = PBXFileReference; lastKnownFileType = sourcecode.c.c; path = q0108.c; sourceTree = "<group>"; };
		94CF87652369E3270085BC53 /* q0110.h */ = {isa = PBXFileReference; lastKnownFileType = sourcecode.c.h; path = q0110.h; sourceTree = "<group>"; };
		94CF87662369E3270085BC53 /* q0110.c */ = {isa = PBXFileReference; lastKnownFileType = sourcecode.c.c; path = q0110.c; sourceTree = "<group>"; };
		94CF87682369F75C0085BC53 /* q0111.h */ = {isa = PBXFileReference; lastKnownFileType = sourcecode.c.h; path = q0111.h; sourceTree = "<group>"; };
		94CF87692369F75C0085BC53 /* q0111.c */ = {isa = PBXFileReference; lastKnownFileType = sourcecode.c.c; path = q0111.c; sourceTree = "<group>"; };
		94CF876B2369FE0A0085BC53 /* q0112.h */ = {isa = PBXFileReference; lastKnownFileType = sourcecode.c.h; path = q0112.h; sourceTree = "<group>"; };
		94CF876C2369FE0A0085BC53 /* q0112.c */ = {isa = PBXFileReference; lastKnownFileType = sourcecode.c.c; path = q0112.c; sourceTree = "<group>"; };
		94CF876E236A048E0085BC53 /* q0118.h */ = {isa = PBXFileReference; lastKnownFileType = sourcecode.c.h; path = q0118.h; sourceTree = "<group>"; };
		94CF876F236A048E0085BC53 /* q0118.c */ = {isa = PBXFileReference; lastKnownFileType = sourcecode.c.c; path = q0118.c; sourceTree = "<group>"; };
		94CF8771236A166F0085BC53 /* q0121.h */ = {isa = PBXFileReference; lastKnownFileType = sourcecode.c.h; path = q0121.h; sourceTree = "<group>"; };
		94CF8772236A166F0085BC53 /* q0121.c */ = {isa = PBXFileReference; lastKnownFileType = sourcecode.c.c; path = q0121.c; sourceTree = "<group>"; };
		94CF8774236A18DF0085BC53 /* q0122.h */ = {isa = PBXFileReference; lastKnownFileType = sourcecode.c.h; path = q0122.h; sourceTree = "<group>"; };
		94CF8775236A18DF0085BC53 /* q0122.c */ = {isa = PBXFileReference; lastKnownFileType = sourcecode.c.c; path = q0122.c; sourceTree = "<group>"; };
		94CF8777236A1A730085BC53 /* q0136.h */ = {isa = PBXFileReference; lastKnownFileType = sourcecode.c.h; path = q0136.h; sourceTree = "<group>"; };
		94CF8778236A1A730085BC53 /* q0136.c */ = {isa = PBXFileReference; lastKnownFileType = sourcecode.c.c; path = q0136.c; sourceTree = "<group>"; };
		94E04C08236F631B0086FBA0 /* q0190.h */ = {isa = PBXFileReference; lastKnownFileType = sourcecode.c.h; path = q0190.h; sourceTree = "<group>"; };
		94E04C09236F631B0086FBA0 /* q0190.c */ = {isa = PBXFileReference; lastKnownFileType = sourcecode.c.c; path = q0190.c; sourceTree = "<group>"; };
		94E04C0B236F67290086FBA0 /* q0191.h */ = {isa = PBXFileReference; lastKnownFileType = sourcecode.c.h; path = q0191.h; sourceTree = "<group>"; };
		94E04C0C236F67290086FBA0 /* q0191.c */ = {isa = PBXFileReference; lastKnownFileType = sourcecode.c.c; path = q0191.c; sourceTree = "<group>"; };
		94E04C0E236F695F0086FBA0 /* q0198.h */ = {isa = PBXFileReference; lastKnownFileType = sourcecode.c.h; path = q0198.h; sourceTree = "<group>"; };
		94E04C0F236F695F0086FBA0 /* q0198.c */ = {isa = PBXFileReference; lastKnownFileType = sourcecode.c.c; path = q0198.c; sourceTree = "<group>"; };
		94E04C11236FB5B00086FBA0 /* q0202.h */ = {isa = PBXFileReference; lastKnownFileType = sourcecode.c.h; path = q0202.h; sourceTree = "<group>"; };
		94E04C12236FB5B10086FBA0 /* q0202.c */ = {isa = PBXFileReference; lastKnownFileType = sourcecode.c.c; path = q0202.c; sourceTree = "<group>"; };
		94E6EAA6236225B700B25080 /* q0287.h */ = {isa = PBXFileReference; lastKnownFileType = sourcecode.c.h; path = q0287.h; sourceTree = "<group>"; };
		94E6EAA7236225B700B25080 /* q0287.c */ = {isa = PBXFileReference; lastKnownFileType = sourcecode.c.c; path = q0287.c; sourceTree = "<group>"; };
		94ED2C41236729D100CB335A /* q0524.h */ = {isa = PBXFileReference; lastKnownFileType = sourcecode.c.h; path = q0524.h; sourceTree = "<group>"; };
		94ED2C42236729D100CB335A /* q0524.c */ = {isa = PBXFileReference; lastKnownFileType = sourcecode.c.c; path = q0524.c; sourceTree = "<group>"; };
		94ED2C44236794A600CB335A /* q0567.h */ = {isa = PBXFileReference; lastKnownFileType = sourcecode.c.h; path = q0567.h; sourceTree = "<group>"; };
		94ED2C45236794A600CB335A /* q0567.c */ = {isa = PBXFileReference; lastKnownFileType = sourcecode.c.c; path = q0567.c; sourceTree = "<group>"; };
/* End PBXFileReference section */

/* Begin PBXFrameworksBuildPhase section */
		683B86CA21A637890003AAA9 /* Frameworks */ = {
			isa = PBXFrameworksBuildPhase;
			buildActionMask = 2147483647;
			files = (
			);
			runOnlyForDeploymentPostprocessing = 0;
		};
/* End PBXFrameworksBuildPhase section */

/* Begin PBXGroup section */
		683B86C421A637890003AAA9 = {
			isa = PBXGroup;
			children = (
				683B86CF21A637890003AAA9 /* LeetCode */,
				683B86CE21A637890003AAA9 /* Products */,
			);
			sourceTree = "<group>";
		};
		683B86CE21A637890003AAA9 /* Products */ = {
			isa = PBXGroup;
			children = (
				683B86CD21A637890003AAA9 /* LeetCode */,
			);
			name = Products;
			sourceTree = "<group>";
		};
		683B86CF21A637890003AAA9 /* LeetCode */ = {
			isa = PBXGroup;
			children = (
				9492FDBF235EFD55006FC733 /* algorithms */,
				9492FDB9235EEE9A006FC733 /* common.h */,
				9492FDBA235EF100006FC733 /* common.c */,
				683B86D021A637890003AAA9 /* main.m */,
				68004A9721BBB9D400C66CE9 /* Extra.h */,
				68004A9821BBB9D400C66CE9 /* Extra.c */,
			);
			path = LeetCode;
			sourceTree = "<group>";
		};
		9492FDBF235EFD55006FC733 /* algorithms */ = {
			isa = PBXGroup;
			children = (
				9492FDC4235EFE44006FC733 /* algorithms.h */,
				9492FDC1235EFD7B006FC733 /* q0001.h */,
				9492FDC2235EFD7B006FC733 /* q0001.c */,
				9492FDC5235EFEBA006FC733 /* q0002.h */,
				9492FDC6235EFEBA006FC733 /* q0002.c */,
				9492FDC8235EFF87006FC733 /* q0003.h */,
				9492FDC9235EFF87006FC733 /* q0003.c */,
				9492FDCB235F03B9006FC733 /* q0004.h */,
				9492FDCC235F03B9006FC733 /* q0004.c */,
				9492FDCE235F0437006FC733 /* q0005.h */,
				9492FDCF235F0437006FC733 /* q0005.c */,
				9492FDD1235F0489006FC733 /* q0006.h */,
				9492FDD2235F0489006FC733 /* q0006.c */,
				9492FDD4235F04DC006FC733 /* q0007.h */,
				9492FDD5235F04DC006FC733 /* q0007.c */,
				9492FDD7235F057F006FC733 /* q0008.h */,
				9492FDD8235F057F006FC733 /* q0008.c */,
				9492FDDA235F05CF006FC733 /* q0009.h */,
				9492FDDB235F05CF006FC733 /* q0009.c */,
				9492FDDD235F062D006FC733 /* q0010.h */,
				9492FDDE235F062D006FC733 /* q0010.c */,
				9492FDE0235F0681006FC733 /* q0011.h */,
				9492FDE1235F0681006FC733 /* q0011.c */,
				9492FDE3235F0727006FC733 /* q0012.h */,
				9492FDE4235F0727006FC733 /* q0012.c */,
				9492FDE6235F0767006FC733 /* q0013.h */,
				9492FDE7235F0767006FC733 /* q0013.c */,
				9492FDE9235F0834006FC733 /* q0014.h */,
				9492FDEA235F0834006FC733 /* q0014.c */,
				9492FDEC235F0873006FC733 /* q0015.h */,
				9492FDED235F0873006FC733 /* q0015.c */,
				9492FDEF235F0914006FC733 /* q0016.h */,
				9492FDF0235F0914006FC733 /* q0016.c */,
				9492FDF2235F094C006FC733 /* q0017.h */,
				9492FDF3235F094C006FC733 /* q0017.c */,
				9492FDF5235F09A9006FC733 /* q0018.h */,
				9492FDF6235F09A9006FC733 /* q0018.c */,
				9492FDF8235F09ED006FC733 /* q0019.h */,
				9492FDF9235F09ED006FC733 /* q0019.c */,
				9492FDFB235F0A30006FC733 /* q0020.h */,
				9492FDFC235F0A30006FC733 /* q0020.c */,
				9492FE01235F0A7C006FC733 /* q0021.h */,
				9492FE02235F0A7C006FC733 /* q0021.c */,
				9492FE04235F0ACE006FC733 /* q0022.h */,
				9492FE05235F0ACE006FC733 /* q0022.c */,
				9492FE07235F0B0F006FC733 /* q0023.h */,
				9492FE08235F0B0F006FC733 /* q0023.c */,
				9492FE0A235F0E94006FC733 /* q0024.h */,
				9492FE0B235F0E94006FC733 /* q0024.c */,
				9492FE0D235F0F15006FC733 /* q0025.h */,
				9492FE0E235F0F15006FC733 /* q0025.c */,
				9492FE10235F0F56006FC733 /* q0026.h */,
				9492FE11235F0F56006FC733 /* q0026.c */,
				9492FE13235F1218006FC733 /* q0027.h */,
				9492FE14235F1218006FC733 /* q0027.c */,
				9492FE16235F1252006FC733 /* q0028.h */,
				9492FE17235F1252006FC733 /* q0028.c */,
				9492FE19235F1296006FC733 /* q0029.h */,
				9492FE1A235F1296006FC733 /* q0029.c */,
				9492FE1C235F12DC006FC733 /* q0031.h */,
				9492FE1D235F12DC006FC733 /* q0031.c */,
				9492FE1F235F461F006FC733 /* q0032.h */,
				9492FE20235F461F006FC733 /* q0032.c */,
				9492FE22235F4676006FC733 /* q0033.h */,
				9492FE23235F4676006FC733 /* q0033.c */,
				9492FE25235F46B9006FC733 /* q0034.h */,
				9492FE26235F46B9006FC733 /* q0034.c */,
				9492FE28235F4711006FC733 /* q0035.h */,
				9492FE29235F4711006FC733 /* q0035.c */,
				9492FE2B235F47A5006FC733 /* q0036.h */,
				9492FE2C235F47A5006FC733 /* q0036.c */,
				9492FE2E235F47DC006FC733 /* q0037.h */,
				9492FE2F235F47DC006FC733 /* q0037.c */,
				9492FE31235F4886006FC733 /* q0038.h */,
				9492FE32235F4886006FC733 /* q0038.c */,
				9492FE34235F48DB006FC733 /* q0041.h */,
				9492FE35235F48DB006FC733 /* q0041.c */,
				9492FE37235F49B5006FC733 /* q0042.h */,
				9492FE38235F49B5006FC733 /* q0042.c */,
				9492FE3A235F4A12006FC733 /* q0043.h */,
				9492FE3B235F4A12006FC733 /* q0043.c */,
				9492FE3D235F4A44006FC733 /* q0046.h */,
				9492FE3E235F4A44006FC733 /* q0046.c */,
				9465F0B323687C79005F8BD0 /* q0058.h */,
				9465F0B423687C79005F8BD0 /* q0058.c */,
				9492FE40235F4A7C006FC733 /* q0061.h */,
				9492FE41235F4A7C006FC733 /* q0061.c */,
				9465F0B623687FF2005F8BD0 /* q0066.h */,
				9465F0B723687FF2005F8BD0 /* q0066.c */,
				9465F0B9236885BA005F8BD0 /* q0067.h */,
				9465F0BA236885BA005F8BD0 /* q0067.c */,
				9465F0BC2368969A005F8BD0 /* q0069.h */,
				9465F0BD2368969A005F8BD0 /* q0069.c */,
				9492FE43235F4B04006FC733 /* q0070.h */,
				9492FE44235F4B04006FC733 /* q0070.c */,
				9492FE46235F4B3C006FC733 /* q0075.h */,
				9492FE47235F4B3C006FC733 /* q0075.c */,
				9492FE49235F4B6A006FC733 /* q0076.h */,
				9492FE4A235F4B6A006FC733 /* q0076.c */,
				9492FE4C235F4B9A006FC733 /* q0080.h */,
				9492FE4D235F4B9A006FC733 /* q0080.c */,
				9465F0BF2368B1FB005F8BD0 /* q0083.h */,
				9465F0C02368B1FB005F8BD0 /* q0083.c */,
				9492FE4F235F4C3E006FC733 /* q0086.h */,
				9492FE50235F4C3E006FC733 /* q0086.c */,
				9492FE52235F4CDA006FC733 /* q0088.h */,
				9492FE53235F4CDA006FC733 /* q0088.c */,
				9465F0C52368B7AA005F8BD0 /* q0100.h */,
				9465F0C62368B7AA005F8BD0 /* q0100.c */,
				9465F0C82368BC6A005F8BD0 /* q0101.h */,
				9465F0C92368BC6A005F8BD0 /* q0101.c */,
				9465F0CB2368C399005F8BD0 /* q0104.h */,
				9465F0CC2368C399005F8BD0 /* q0104.c */,
				94CF876223698E180085BC53 /* q0108.h */,
				94CF876323698E180085BC53 /* q0108.c */,
				94CF87652369E3270085BC53 /* q0110.h */,
				94CF87662369E3270085BC53 /* q0110.c */,
				94CF87682369F75C0085BC53 /* q0111.h */,
				94CF87692369F75C0085BC53 /* q0111.c */,
				94CF876B2369FE0A0085BC53 /* q0112.h */,
				94CF876C2369FE0A0085BC53 /* q0112.c */,
				94CF876E236A048E0085BC53 /* q0118.h */,
				94CF876F236A048E0085BC53 /* q0118.c */,
				94CF8771236A166F0085BC53 /* q0121.h */,
				94CF8772236A166F0085BC53 /* q0121.c */,
				94CF8774236A18DF0085BC53 /* q0122.h */,
				94CF8775236A18DF0085BC53 /* q0122.c */,
				9492FE55235F4D55006FC733 /* q0125.h */,
				9492FE56235F4D55006FC733 /* q0125.c */,
				94CF8777236A1A730085BC53 /* q0136.h */,
				94CF8778236A1A730085BC53 /* q0136.c */,
				9492FE5B235F4DBC006FC733 /* q0141.h */,
				9492FE5C235F4DBC006FC733 /* q0141.c */,
				9492FE5E235F4DE9006FC733 /* q0142.h */,
				9492FE5F235F4DE9006FC733 /* q0142.c */,
				943D300D2374DEF1003B85EA /* q0160.c */,
				943D300C2374DEF1003B85EA /* q0160.h */,
				9492FE61235F4E2B006FC733 /* q0167.h */,
				9492FE62235F4E2B006FC733 /* q0167.c */,
				94896614236ABA5B008C50E6 /* q0169.h */,
				94896615236ABA5B008C50E6 /* q0169.c */,
				94896617236ABD4A008C50E6 /* q0172.h */,
				94896618236ABD4A008C50E6 /* q0172.c */,
				94AB9BE6236BC9BB000DFB8C /* q0189.h */,
				94AB9BE7236BC9BB000DFB8C /* q0189.c */,
				94E04C08236F631B0086FBA0 /* q0190.h */,
				94E04C09236F631B0086FBA0 /* q0190.c */,
				94E04C0B236F67290086FBA0 /* q0191.h */,
				94E04C0C236F67290086FBA0 /* q0191.c */,
				94E04C0E236F695F0086FBA0 /* q0198.h */,
				94E04C0F236F695F0086FBA0 /* q0198.c */,
				94E04C11236FB5B00086FBA0 /* q0202.h */,
				94E04C12236FB5B10086FBA0 /* q0202.c */,
				943D2FF52374BF30003B85EA /* q0203.h */,
				943D2FF62374BF30003B85EA /* q0203.c */,
				943D2FF82374C53B003B85EA /* q0205.h */,
				943D2FF92374C53B003B85EA /* q0205.c */,
				943D2FFB2374CA21003B85EA /* q0206.h */,
				943D2FFC2374CA21003B85EA /* q0206.c */,
				9492FE67235F4E7A006FC733 /* q0209.h */,
				9492FE68235F4E7A006FC733 /* q0209.c */,
				943D2FFE2374CC81003B85EA /* q0217.h */,
				943D2FFF2374CC81003B85EA /* q0217.c */,
				943D30042374D1D7003B85EA /* q0226.h */,
				943D30052374D1D7003B85EA /* q0226.c */,
				943D30072374D66D003B85EA /* q0231.h */,
				943D30082374D66D003B85EA /* q0231.c */,
				9492FE6A235F4EAB006FC733 /* q0234.h */,
				9492FE6B235F4EAB006FC733 /* q0234.c */,
				9492FE6D235F4EDC006FC733 /* q0283.h */,
				9492FE6E235F4EDC006FC733 /* q0283.c */,
				94E6EAA6236225B700B25080 /* q0287.h */,
				94E6EAA7236225B700B25080 /* q0287.c */,
				9492FE70235F4F1A006FC733 /* q0344.h */,
				9492FE71235F4F1A006FC733 /* q0344.c */,
				9492FE76235F4F57006FC733 /* q0345.h */,
				9492FE77235F4F57006FC733 /* q0345.c */,
				9492FE79235F4F90006FC733 /* q0349.h */,
				9492FE7A235F4F90006FC733 /* q0349.c */,
				9492FE7C235F4FB9006FC733 /* q0350.h */,
				9492FE7D235F4FB9006FC733 /* q0350.c */,
				9492FE7F235F4FE5006FC733 /* q0424.h */,
				9492FE80235F4FE5006FC733 /* q0424.c */,
				9471643F23F7C99600163DE8 /* q0456.h */,
				9471644023F7C99600163DE8 /* q0456.c */,
				94A095942365CD11006AC152 /* q0457.h */,
				94A095952365CD11006AC152 /* q0457.c */,
				94ED2C41236729D100CB335A /* q0524.h */,
				94ED2C42236729D100CB335A /* q0524.c */,
				9492FE85235F504B006FC733 /* q0532.h */,
				9492FE86235F504B006FC733 /* q0532.c */,
				94ED2C44236794A600CB335A /* q0567.h */,
				94ED2C45236794A600CB335A /* q0567.c */,
				9471643923F57D7D00163DE8 /* q0678.h */,
				9471643A23F57D7D00163DE8 /* q0678.c */,
				9471640723F16B9500163DE8 /* q0696.h */,
				9471640823F16B9500163DE8 /* q0696.c */,
				9471640A23F266E700163DE8 /* q0704.h */,
				9471640B23F266E700163DE8 /* q0704.c */,
				9492FE88235F5083006FC733 /* q0844.h */,
				9492FE89235F5083006FC733 /* q0844.c */,
				9492FE8B235F50B7006FC733 /* q1081.h */,
				9492FE8C235F50B7006FC733 /* q1081.c */,
				9492FE8E235F50EC006FC733 /* q1155.h */,
				9492FE8F235F50EC006FC733 /* q1155.c */,
			);
			path = algorithms;
			sourceTree = "<group>";
		};
/* End PBXGroup section */

/* Begin PBXNativeTarget section */
		683B86CC21A637890003AAA9 /* LeetCode */ = {
			isa = PBXNativeTarget;
			buildConfigurationList = 683B86D421A637890003AAA9 /* Build configuration list for PBXNativeTarget "LeetCode" */;
			buildPhases = (
				683B86C921A637890003AAA9 /* Sources */,
				683B86CA21A637890003AAA9 /* Frameworks */,
				683B86CB21A637890003AAA9 /* CopyFiles */,
			);
			buildRules = (
			);
			dependencies = (
			);
			name = LeetCode;
			productName = LeetCode;
			productReference = 683B86CD21A637890003AAA9 /* LeetCode */;
			productType = "com.apple.product-type.tool";
		};
/* End PBXNativeTarget section */

/* Begin PBXProject section */
		683B86C521A637890003AAA9 /* Project object */ = {
			isa = PBXProject;
			attributes = {
				LastUpgradeCheck = 1110;
				ORGANIZATIONNAME = DoubleL;
				TargetAttributes = {
					683B86CC21A637890003AAA9 = {
						CreatedOnToolsVersion = 10.1;
					};
				};
			};
			buildConfigurationList = 683B86C821A637890003AAA9 /* Build configuration list for PBXProject "LeetCode" */;
			compatibilityVersion = "Xcode 9.3";
			developmentRegion = en;
			hasScannedForEncodings = 0;
			knownRegions = (
				en,
				Base,
			);
			mainGroup = 683B86C421A637890003AAA9;
			productRefGroup = 683B86CE21A637890003AAA9 /* Products */;
			projectDirPath = "";
			projectRoot = "";
			targets = (
				683B86CC21A637890003AAA9 /* LeetCode */,
			);
		};
/* End PBXProject section */

/* Begin PBXSourcesBuildPhase section */
		683B86C921A637890003AAA9 /* Sources */ = {
			isa = PBXSourcesBuildPhase;
			buildActionMask = 2147483647;
			files = (
				9492FE63235F4E2B006FC733 /* q0167.c in Sources */,
				9492FE3C235F4A12006FC733 /* q0043.c in Sources */,
				9492FE2D235F47A5006FC733 /* q0036.c in Sources */,
				9492FE81235F4FE5006FC733 /* q0424.c in Sources */,
				9492FE0C235F0E94006FC733 /* q0024.c in Sources */,
				9492FE54235F4CDA006FC733 /* q0088.c in Sources */,
				9465F0C72368B7AA005F8BD0 /* q0100.c in Sources */,
				9465F0CA2368BC6A005F8BD0 /* q0101.c in Sources */,
				9465F0BB236885BA005F8BD0 /* q0067.c in Sources */,
				9492FDCA235EFF87006FC733 /* q0003.c in Sources */,
				9492FDF4235F094C006FC733 /* q0017.c in Sources */,
				9492FDF1235F0914006FC733 /* q0016.c in Sources */,
				9492FE8D235F50B8006FC733 /* q1081.c in Sources */,
				943D30062374D1D7003B85EA /* q0226.c in Sources */,
				9492FE72235F4F1A006FC733 /* q0344.c in Sources */,
				9492FE4B235F4B6A006FC733 /* q0076.c in Sources */,
				9492FDFD235F0A30006FC733 /* q0020.c in Sources */,
				9492FDBB235EF100006FC733 /* common.c in Sources */,
				9492FE24235F4676006FC733 /* q0033.c in Sources */,
				9492FDD9235F057F006FC733 /* q0008.c in Sources */,
				943D2FFA2374C53B003B85EA /* q0205.c in Sources */,
				68004A9921BBB9D400C66CE9 /* Extra.c in Sources */,
				9492FDD3235F0489006FC733 /* q0006.c in Sources */,
				9492FDD6235F04DC006FC733 /* q0007.c in Sources */,
				9492FDE5235F0727006FC733 /* q0012.c in Sources */,
				9492FE87235F504B006FC733 /* q0532.c in Sources */,
				9492FE09235F0B0F006FC733 /* q0023.c in Sources */,
				9492FE42235F4A7C006FC733 /* q0061.c in Sources */,
				9465F0BE2368969A005F8BD0 /* q0069.c in Sources */,
				9492FE60235F4DE9006FC733 /* q0142.c in Sources */,
				9465F0C12368B1FB005F8BD0 /* q0083.c in Sources */,
				9492FE0F235F0F15006FC733 /* q0025.c in Sources */,
				9465F0CD2368C399005F8BD0 /* q0104.c in Sources */,
				94E04C10236F695F0086FBA0 /* q0198.c in Sources */,
				94CF876423698E180085BC53 /* q0108.c in Sources */,
				94896616236ABA5B008C50E6 /* q0169.c in Sources */,
				9492FE36235F48DB006FC733 /* q0041.c in Sources */,
				9492FE12235F0F56006FC733 /* q0026.c in Sources */,
				9492FE48235F4B3C006FC733 /* q0075.c in Sources */,
				94CF876A2369F75C0085BC53 /* q0111.c in Sources */,
				9492FDF7235F09A9006FC733 /* q0018.c in Sources */,
				9471644123F7C99600163DE8 /* q0456.c in Sources */,
				9465F0B823687FF2005F8BD0 /* q0066.c in Sources */,
				94CF8773236A166F0085BC53 /* q0121.c in Sources */,
				94CF8779236A1A730085BC53 /* q0136.c in Sources */,
				943D2FFD2374CA21003B85EA /* q0206.c in Sources */,
				94896619236ABD4A008C50E6 /* q0172.c in Sources */,
				9492FE1E235F12DC006FC733 /* q0031.c in Sources */,
				94ED2C43236729D100CB335A /* q0524.c in Sources */,
				943D30002374CC81003B85EA /* q0217.c in Sources */,
				9492FDDC235F05CF006FC733 /* q0009.c in Sources */,
				9492FE03235F0A7C006FC733 /* q0021.c in Sources */,
				9471643B23F57D7D00163DE8 /* q0678.c in Sources */,
				94CF8770236A048E0085BC53 /* q0118.c in Sources */,
				9492FE8A235F5083006FC733 /* q0844.c in Sources */,
				9492FE2A235F4711006FC733 /* q0035.c in Sources */,
				94E04C0A236F631B0086FBA0 /* q0190.c in Sources */,
				943D30092374D66D003B85EA /* q0231.c in Sources */,
				94ED2C46236794A600CB335A /* q0567.c in Sources */,
				9492FE3F235F4A44006FC733 /* q0046.c in Sources */,
				9471640923F16B9500163DE8 /* q0696.c in Sources */,
				9492FE6C235F4EAB006FC733 /* q0234.c in Sources */,
				9492FE06235F0ACE006FC733 /* q0022.c in Sources */,
				9492FE15235F1218006FC733 /* q0027.c in Sources */,
				9492FE51235F4C3E006FC733 /* q0086.c in Sources */,
				943D300F2374DEF1003B85EA /* q0160.c in Sources */,
				9492FE90235F50EC006FC733 /* q1155.c in Sources */,
				94CF87672369E3270085BC53 /* q0110.c in Sources */,
				9492FE18235F1252006FC733 /* q0028.c in Sources */,
				9492FE1B235F1296006FC733 /* q0029.c in Sources */,
				9471640C23F266E700163DE8 /* q0704.c in Sources */,
				9492FE5D235F4DBC006FC733 /* q0141.c in Sources */,
				94E04C0D236F67290086FBA0 /* q0191.c in Sources */,
				9492FE69235F4E7A006FC733 /* q0209.c in Sources */,
				9492FE6F235F4EDC006FC733 /* q0283.c in Sources */,
				9492FDC3235EFD7B006FC733 /* q0001.c in Sources */,
				94CF8776236A18DF0085BC53 /* q0122.c in Sources */,
				94CF876D2369FE0A0085BC53 /* q0112.c in Sources */,
				94AB9BE8236BC9BB000DFB8C /* q0189.c in Sources */,
				9492FE27235F46B9006FC733 /* q0034.c in Sources */,
				9492FE30235F47DC006FC733 /* q0037.c in Sources */,
				683B86D121A637890003AAA9 /* main.m in Sources */,
				9492FDE2235F0681006FC733 /* q0011.c in Sources */,
				9492FDC7235EFEBA006FC733 /* q0002.c in Sources */,
				9492FE21235F461F006FC733 /* q0032.c in Sources */,
				9492FE7E235F4FB9006FC733 /* q0350.c in Sources */,
				9492FE39235F49B5006FC733 /* q0042.c in Sources */,
				9492FE57235F4D55006FC733 /* q0125.c in Sources */,
				9492FDFA235F09ED006FC733 /* q0019.c in Sources */,
				9492FDDF235F062D006FC733 /* q0010.c in Sources */,
				94A095962365CD11006AC152 /* q0457.c in Sources */,
				9492FDE8235F0767006FC733 /* q0013.c in Sources */,
				9492FDEB235F0834006FC733 /* q0014.c in Sources */,
				9492FE33235F4886006FC733 /* q0038.c in Sources */,
				9492FDEE235F0873006FC733 /* q0015.c in Sources */,
				9492FDD0235F0437006FC733 /* q0005.c in Sources */,
				94E6EAA8236225B700B25080 /* q0287.c in Sources */,
				9465F0B523687C79005F8BD0 /* q0058.c in Sources */,
				9492FE4E235F4B9A006FC733 /* q0080.c in Sources */,
				9492FE78235F4F57006FC733 /* q0345.c in Sources */,
				9492FE45235F4B04006FC733 /* q0070.c in Sources */,
				94E04C13236FB5B10086FBA0 /* q0202.c in Sources */,
				9492FE7B235F4F90006FC733 /* q0349.c in Sources */,
				943D2FF72374BF30003B85EA /* q0203.c in Sources */,
				9492FDCD235F03B9006FC733 /* q0004.c in Sources */,
			);
			runOnlyForDeploymentPostprocessing = 0;
		};
/* End PBXSourcesBuildPhase section */

/* Begin XCBuildConfiguration section */
		683B86D221A637890003AAA9 /* Debug */ = {
			isa = XCBuildConfiguration;
			buildSettings = {
				ALWAYS_SEARCH_USER_PATHS = NO;
				CLANG_ANALYZER_NONNULL = YES;
				CLANG_ANALYZER_NUMBER_OBJECT_CONVERSION = YES_AGGRESSIVE;
				CLANG_CXX_LANGUAGE_STANDARD = "gnu++14";
				CLANG_CXX_LIBRARY = "libc++";
				CLANG_ENABLE_MODULES = YES;
				CLANG_ENABLE_OBJC_ARC = YES;
				CLANG_ENABLE_OBJC_WEAK = YES;
				CLANG_WARN_BLOCK_CAPTURE_AUTORELEASING = YES;
				CLANG_WARN_BOOL_CONVERSION = YES;
				CLANG_WARN_COMMA = YES;
				CLANG_WARN_CONSTANT_CONVERSION = YES;
				CLANG_WARN_DEPRECATED_OBJC_IMPLEMENTATIONS = YES;
				CLANG_WARN_DIRECT_OBJC_ISA_USAGE = YES_ERROR;
				CLANG_WARN_DOCUMENTATION_COMMENTS = YES;
				CLANG_WARN_EMPTY_BODY = YES;
				CLANG_WARN_ENUM_CONVERSION = YES;
				CLANG_WARN_INFINITE_RECURSION = YES;
				CLANG_WARN_INT_CONVERSION = YES;
				CLANG_WARN_NON_LITERAL_NULL_CONVERSION = YES;
				CLANG_WARN_OBJC_IMPLICIT_RETAIN_SELF = YES;
				CLANG_WARN_OBJC_LITERAL_CONVERSION = YES;
				CLANG_WARN_OBJC_ROOT_CLASS = YES_ERROR;
				CLANG_WARN_RANGE_LOOP_ANALYSIS = YES;
				CLANG_WARN_STRICT_PROTOTYPES = YES;
				CLANG_WARN_SUSPICIOUS_MOVE = YES;
				CLANG_WARN_UNGUARDED_AVAILABILITY = YES_AGGRESSIVE;
				CLANG_WARN_UNREACHABLE_CODE = YES;
				CLANG_WARN__DUPLICATE_METHOD_MATCH = YES;
				CODE_SIGN_IDENTITY = "-";
				COPY_PHASE_STRIP = NO;
				DEBUG_INFORMATION_FORMAT = dwarf;
				ENABLE_STRICT_OBJC_MSGSEND = YES;
				ENABLE_TESTABILITY = YES;
				GCC_C_LANGUAGE_STANDARD = gnu11;
				GCC_DYNAMIC_NO_PIC = NO;
				GCC_NO_COMMON_BLOCKS = YES;
				GCC_OPTIMIZATION_LEVEL = 0;
				GCC_PREPROCESSOR_DEFINITIONS = (
					"DEBUG=1",
					"$(inherited)",
				);
				GCC_WARN_64_TO_32_BIT_CONVERSION = YES;
				GCC_WARN_ABOUT_RETURN_TYPE = YES_ERROR;
				GCC_WARN_UNDECLARED_SELECTOR = YES;
				GCC_WARN_UNINITIALIZED_AUTOS = YES_AGGRESSIVE;
				GCC_WARN_UNUSED_FUNCTION = YES;
				GCC_WARN_UNUSED_VARIABLE = YES;
				MACOSX_DEPLOYMENT_TARGET = 10.14;
				MTL_ENABLE_DEBUG_INFO = INCLUDE_SOURCE;
				MTL_FAST_MATH = YES;
				ONLY_ACTIVE_ARCH = YES;
				SDKROOT = macosx;
			};
			name = Debug;
		};
		683B86D321A637890003AAA9 /* Release */ = {
			isa = XCBuildConfiguration;
			buildSettings = {
				ALWAYS_SEARCH_USER_PATHS = NO;
				CLANG_ANALYZER_NONNULL = YES;
				CLANG_ANALYZER_NUMBER_OBJECT_CONVERSION = YES_AGGRESSIVE;
				CLANG_CXX_LANGUAGE_STANDARD = "gnu++14";
				CLANG_CXX_LIBRARY = "libc++";
				CLANG_ENABLE_MODULES = YES;
				CLANG_ENABLE_OBJC_ARC = YES;
				CLANG_ENABLE_OBJC_WEAK = YES;
				CLANG_WARN_BLOCK_CAPTURE_AUTORELEASING = YES;
				CLANG_WARN_BOOL_CONVERSION = YES;
				CLANG_WARN_COMMA = YES;
				CLANG_WARN_CONSTANT_CONVERSION = YES;
				CLANG_WARN_DEPRECATED_OBJC_IMPLEMENTATIONS = YES;
				CLANG_WARN_DIRECT_OBJC_ISA_USAGE = YES_ERROR;
				CLANG_WARN_DOCUMENTATION_COMMENTS = YES;
				CLANG_WARN_EMPTY_BODY = YES;
				CLANG_WARN_ENUM_CONVERSION = YES;
				CLANG_WARN_INFINITE_RECURSION = YES;
				CLANG_WARN_INT_CONVERSION = YES;
				CLANG_WARN_NON_LITERAL_NULL_CONVERSION = YES;
				CLANG_WARN_OBJC_IMPLICIT_RETAIN_SELF = YES;
				CLANG_WARN_OBJC_LITERAL_CONVERSION = YES;
				CLANG_WARN_OBJC_ROOT_CLASS = YES_ERROR;
				CLANG_WARN_RANGE_LOOP_ANALYSIS = YES;
				CLANG_WARN_STRICT_PROTOTYPES = YES;
				CLANG_WARN_SUSPICIOUS_MOVE = YES;
				CLANG_WARN_UNGUARDED_AVAILABILITY = YES_AGGRESSIVE;
				CLANG_WARN_UNREACHABLE_CODE = YES;
				CLANG_WARN__DUPLICATE_METHOD_MATCH = YES;
				CODE_SIGN_IDENTITY = "-";
				COPY_PHASE_STRIP = NO;
				DEBUG_INFORMATION_FORMAT = "dwarf-with-dsym";
				ENABLE_NS_ASSERTIONS = NO;
				ENABLE_STRICT_OBJC_MSGSEND = YES;
				GCC_C_LANGUAGE_STANDARD = gnu11;
				GCC_NO_COMMON_BLOCKS = YES;
				GCC_WARN_64_TO_32_BIT_CONVERSION = YES;
				GCC_WARN_ABOUT_RETURN_TYPE = YES_ERROR;
				GCC_WARN_UNDECLARED_SELECTOR = YES;
				GCC_WARN_UNINITIALIZED_AUTOS = YES_AGGRESSIVE;
				GCC_WARN_UNUSED_FUNCTION = YES;
				GCC_WARN_UNUSED_VARIABLE = YES;
				MACOSX_DEPLOYMENT_TARGET = 10.14;
				MTL_ENABLE_DEBUG_INFO = NO;
				MTL_FAST_MATH = YES;
				SDKROOT = macosx;
			};
			name = Release;
		};
		683B86D521A637890003AAA9 /* Debug */ = {
			isa = XCBuildConfiguration;
			buildSettings = {
				CODE_SIGN_IDENTITY = "-";
				CODE_SIGN_STYLE = Automatic;
				PRODUCT_NAME = "$(TARGET_NAME)";
			};
			name = Debug;
		};
		683B86D621A637890003AAA9 /* Release */ = {
			isa = XCBuildConfiguration;
			buildSettings = {
				CODE_SIGN_IDENTITY = "-";
				CODE_SIGN_STYLE = Automatic;
				PRODUCT_NAME = "$(TARGET_NAME)";
			};
			name = Release;
		};
/* End XCBuildConfiguration section */

/* Begin XCConfigurationList section */
		683B86C821A637890003AAA9 /* Build configuration list for PBXProject "LeetCode" */ = {
			isa = XCConfigurationList;
			buildConfigurations = (
				683B86D221A637890003AAA9 /* Debug */,
				683B86D321A637890003AAA9 /* Release */,
			);
			defaultConfigurationIsVisible = 0;
			defaultConfigurationName = Release;
		};
		683B86D421A637890003AAA9 /* Build configuration list for PBXNativeTarget "LeetCode" */ = {
			isa = XCConfigurationList;
			buildConfigurations = (
				683B86D521A637890003AAA9 /* Debug */,
				683B86D621A637890003AAA9 /* Release */,
			);
			defaultConfigurationIsVisible = 0;
			defaultConfigurationName = Release;
		};
/* End XCConfigurationList section */
	};
	rootObject = 683B86C521A637890003AAA9 /* Project object */;
}
